// !$*UTF8*$!
{
	archiveVersion = 1;
	classes = {
	};
	objectVersion = 51;
	objects = {

/* Begin PBXBuildFile section */
		30289446D1E3B0797CB28608 /* Pods_QuickGourmet.framework in Frameworks */ = {isa = PBXBuildFile; fileRef = E1B982FE3AEA28CD50ABBD5C /* Pods_QuickGourmet.framework */; };
		D81CB62D26A9405F004807E1 /* SearchButton.swift in Sources */ = {isa = PBXBuildFile; fileRef = D81CB62C26A9405F004807E1 /* SearchButton.swift */; };
		D829713226B26AA9005C4454 /* ApiKey.swift in Sources */ = {isa = PBXBuildFile; fileRef = D829713126B26AA9005C4454 /* ApiKey.swift */; };
		D8307BC426BC045B00DAB08C /* PopupWindowView.swift in Sources */ = {isa = PBXBuildFile; fileRef = D8307BC326BC045B00DAB08C /* PopupWindowView.swift */; };
		D83D600926AAA0E8002A6CEC /* ShopDetailButtonView.swift in Sources */ = {isa = PBXBuildFile; fileRef = D83D600826AAA0E8002A6CEC /* ShopDetailButtonView.swift */; };
		D83D600E26AAB387002A6CEC /* MapView.swift in Sources */ = {isa = PBXBuildFile; fileRef = D83D600D26AAB387002A6CEC /* MapView.swift */; };
		D855048D269D0F1B0053334A /* HotPepperResponseResponse.swift in Sources */ = {isa = PBXBuildFile; fileRef = D855048C269D0F1B0053334A /* HotPepperResponseResponse.swift */; };
		D8711D3526A43377005EA395 /* SearchViewModel.swift in Sources */ = {isa = PBXBuildFile; fileRef = D8711D3426A43377005EA395 /* SearchViewModel.swift */; };
		D871222B26B9892B000D094A /* Color.swift in Sources */ = {isa = PBXBuildFile; fileRef = D871222A26B9892B000D094A /* Color.swift */; };
		D871222E26B98DAB000D094A /* UIColor.swift in Sources */ = {isa = PBXBuildFile; fileRef = D871222D26B98DAB000D094A /* UIColor.swift */; };
		D87B8C3D26B045EF00BB945C /* HamburgerMenuViewModel.swift in Sources */ = {isa = PBXBuildFile; fileRef = D87B8C3C26B045EF00BB945C /* HamburgerMenuViewModel.swift */; };
		D87C9C392696FDB70051FA77 /* TabBarView.swift in Sources */ = {isa = PBXBuildFile; fileRef = D87C9C382696FDB70051FA77 /* TabBarView.swift */; };
		D87C9C3B269701A30051FA77 /* HamburgerMenuView.swift in Sources */ = {isa = PBXBuildFile; fileRef = D87C9C3A269701A30051FA77 /* HamburgerMenuView.swift */; };
		D88426FA26AA7B680073B3F2 /* SafariView.swift in Sources */ = {isa = PBXBuildFile; fileRef = D88426F926AA7B680073B3F2 /* SafariView.swift */; };
		D889303B26B914C2008C0F60 /* QuickSearchViewModel.swift in Sources */ = {isa = PBXBuildFile; fileRef = D889303A26B914C2008C0F60 /* QuickSearchViewModel.swift */; };
		D889E16126AED67100F18681 /* ShopDetailInfoView.swift in Sources */ = {isa = PBXBuildFile; fileRef = D889E16026AED67100F18681 /* ShopDetailInfoView.swift */; };
		D889E16326AF09EA00F18681 /* LogoImage.swift in Sources */ = {isa = PBXBuildFile; fileRef = D889E16226AF09EA00F18681 /* LogoImage.swift */; };
		D8A8E5B4269DAEB3009F9C0C /* ShopDetailView.swift in Sources */ = {isa = PBXBuildFile; fileRef = D8A8E5B3269DAEB3009F9C0C /* ShopDetailView.swift */; };
		D8A8E5BB269DC047009F9C0C /* ShopSearchFetcher.swift in Sources */ = {isa = PBXBuildFile; fileRef = D8A8E5BA269DC047009F9C0C /* ShopSearchFetcher.swift */; };
		D8A8E5BF269DEA66009F9C0C /* ImageDownloder.swift in Sources */ = {isa = PBXBuildFile; fileRef = D8A8E5BE269DEA66009F9C0C /* ImageDownloder.swift */; };
		D8A8E5C4269DEFBF009F9C0C /* URLImage.swift in Sources */ = {isa = PBXBuildFile; fileRef = D8A8E5C3269DEFBF009F9C0C /* URLImage.swift */; };
		D8ADBBFA26C400E10003002F /* NendInterstitialView.swift in Sources */ = {isa = PBXBuildFile; fileRef = D8ADBBF926C400E10003002F /* NendInterstitialView.swift */; };
		D8BA1188269661460007DCE5 /* QuickGourmetApp.swift in Sources */ = {isa = PBXBuildFile; fileRef = D8BA1187269661460007DCE5 /* QuickGourmetApp.swift */; };
		D8BA118C269661490007DCE5 /* Assets.xcassets in Resources */ = {isa = PBXBuildFile; fileRef = D8BA118B269661490007DCE5 /* Assets.xcassets */; };
		D8BA118F269661490007DCE5 /* Preview Assets.xcassets in Resources */ = {isa = PBXBuildFile; fileRef = D8BA118E269661490007DCE5 /* Preview Assets.xcassets */; };
		D8BD192E26B816C900E0BBCB /* QuickSearchView.swift in Sources */ = {isa = PBXBuildFile; fileRef = D8BD192D26B816C900E0BBCB /* QuickSearchView.swift */; };
		D8BD193026B8282B00E0BBCB /* QuickSearchRowView.swift in Sources */ = {isa = PBXBuildFile; fileRef = D8BD192F26B8282B00E0BBCB /* QuickSearchRowView.swift */; };
		D8C58FC126B8D2590020AC57 /* ArrowImage.swift in Sources */ = {isa = PBXBuildFile; fileRef = D8C58FC026B8D2590020AC57 /* ArrowImage.swift */; };
		D8D1198626C7B2A500F9CD65 /* NendBannerView.swift in Sources */ = {isa = PBXBuildFile; fileRef = D8D1198526C7B2A500F9CD65 /* NendBannerView.swift */; };
		D8DB885226B962DA0057F807 /* UserDefaultsDataStore.swift in Sources */ = {isa = PBXBuildFile; fileRef = D8DB885126B962DA0057F807 /* UserDefaultsDataStore.swift */; };
		D8ED9E9A269E78A100AFE337 /* ResponseGroup.swift in Sources */ = {isa = PBXBuildFile; fileRef = D8ED9E99269E78A100AFE337 /* ResponseGroup.swift */; };
		D8ED9EB2269E795F00AFE337 /* MockShopData.swift in Sources */ = {isa = PBXBuildFile; fileRef = D8ED9EB1269E795F00AFE337 /* MockShopData.swift */; };
		D8ED9EB4269E798700AFE337 /* ShopRowView.swift in Sources */ = {isa = PBXBuildFile; fileRef = D8ED9EB3269E798700AFE337 /* ShopRowView.swift */; };
		D8ED9EB6269E799000AFE337 /* SearchListView.swift in Sources */ = {isa = PBXBuildFile; fileRef = D8ED9EB5269E799000AFE337 /* SearchListView.swift */; };
		D8ED9EB8269E79A500AFE337 /* SearchView.swift in Sources */ = {isa = PBXBuildFile; fileRef = D8ED9EB7269E79A500AFE337 /* SearchView.swift */; };
		D8F12E7926B423D000118C63 /* CoreLocation.framework in Frameworks */ = {isa = PBXBuildFile; fileRef = D8F12E7826B423D000118C63 /* CoreLocation.framework */; };
		D8F73EE326C34F4A00B26993 /* FirstScreenView.swift in Sources */ = {isa = PBXBuildFile; fileRef = D8F73EE226C34F4A00B26993 /* FirstScreenView.swift */; };
		D8F1495D26C7A12700F2C159 /* NendBannerViewController.swift in Sources */ = {isa = PBXBuildFile; fileRef = D8F1495C26C7A12700F2C159 /* NendBannerViewController.swift */; };
		D8FC157926B19DDA00B22408 /* MailView.swift in Sources */ = {isa = PBXBuildFile; fileRef = D8FC157826B19DDA00B22408 /* MailView.swift */; };
/* End PBXBuildFile section */

/* Begin PBXFileReference section */
		2D426BF4E1A63986FA4520FC /* Pods-QuickGourmet.debug.xcconfig */ = {isa = PBXFileReference; includeInIndex = 1; lastKnownFileType = text.xcconfig; name = "Pods-QuickGourmet.debug.xcconfig"; path = "Target Support Files/Pods-QuickGourmet/Pods-QuickGourmet.debug.xcconfig"; sourceTree = "<group>"; };
		6DF1E1FFD30D2807F5F3C09B /* Pods-QuickGourmet.release.xcconfig */ = {isa = PBXFileReference; includeInIndex = 1; lastKnownFileType = text.xcconfig; name = "Pods-QuickGourmet.release.xcconfig"; path = "Target Support Files/Pods-QuickGourmet/Pods-QuickGourmet.release.xcconfig"; sourceTree = "<group>"; };
		D81CB62C26A9405F004807E1 /* SearchButton.swift */ = {isa = PBXFileReference; lastKnownFileType = sourcecode.swift; path = SearchButton.swift; sourceTree = "<group>"; };
		D829713126B26AA9005C4454 /* ApiKey.swift */ = {isa = PBXFileReference; fileEncoding = 4; lastKnownFileType = sourcecode.swift; path = ApiKey.swift; sourceTree = "<group>"; };
		D8307BC326BC045B00DAB08C /* PopupWindowView.swift */ = {isa = PBXFileReference; lastKnownFileType = sourcecode.swift; path = PopupWindowView.swift; sourceTree = "<group>"; };
		D83D600826AAA0E8002A6CEC /* ShopDetailButtonView.swift */ = {isa = PBXFileReference; lastKnownFileType = sourcecode.swift; path = ShopDetailButtonView.swift; sourceTree = "<group>"; };
		D83D600D26AAB387002A6CEC /* MapView.swift */ = {isa = PBXFileReference; lastKnownFileType = sourcecode.swift; path = MapView.swift; sourceTree = "<group>"; };
		D855048C269D0F1B0053334A /* HotPepperResponseResponse.swift */ = {isa = PBXFileReference; lastKnownFileType = sourcecode.swift; path = HotPepperResponseResponse.swift; sourceTree = "<group>"; };
		D8711D3426A43377005EA395 /* SearchViewModel.swift */ = {isa = PBXFileReference; lastKnownFileType = sourcecode.swift; path = SearchViewModel.swift; sourceTree = "<group>"; };
		D871222A26B9892B000D094A /* Color.swift */ = {isa = PBXFileReference; lastKnownFileType = sourcecode.swift; path = Color.swift; sourceTree = "<group>"; };
		D871222D26B98DAB000D094A /* UIColor.swift */ = {isa = PBXFileReference; lastKnownFileType = sourcecode.swift; path = UIColor.swift; sourceTree = "<group>"; };
		D87B8C3C26B045EF00BB945C /* HamburgerMenuViewModel.swift */ = {isa = PBXFileReference; lastKnownFileType = sourcecode.swift; path = HamburgerMenuViewModel.swift; sourceTree = "<group>"; };
		D87C9C382696FDB70051FA77 /* TabBarView.swift */ = {isa = PBXFileReference; lastKnownFileType = sourcecode.swift; path = TabBarView.swift; sourceTree = "<group>"; };
		D87C9C3A269701A30051FA77 /* HamburgerMenuView.swift */ = {isa = PBXFileReference; lastKnownFileType = sourcecode.swift; path = HamburgerMenuView.swift; sourceTree = "<group>"; };
		D88426F926AA7B680073B3F2 /* SafariView.swift */ = {isa = PBXFileReference; lastKnownFileType = sourcecode.swift; path = SafariView.swift; sourceTree = "<group>"; };
		D889303A26B914C2008C0F60 /* QuickSearchViewModel.swift */ = {isa = PBXFileReference; lastKnownFileType = sourcecode.swift; path = QuickSearchViewModel.swift; sourceTree = "<group>"; };
		D889E16026AED67100F18681 /* ShopDetailInfoView.swift */ = {isa = PBXFileReference; lastKnownFileType = sourcecode.swift; path = ShopDetailInfoView.swift; sourceTree = "<group>"; };
		D889E16226AF09EA00F18681 /* LogoImage.swift */ = {isa = PBXFileReference; lastKnownFileType = sourcecode.swift; path = LogoImage.swift; sourceTree = "<group>"; };
		D8A8E5B3269DAEB3009F9C0C /* ShopDetailView.swift */ = {isa = PBXFileReference; lastKnownFileType = sourcecode.swift; path = ShopDetailView.swift; sourceTree = "<group>"; };
		D8A8E5BA269DC047009F9C0C /* ShopSearchFetcher.swift */ = {isa = PBXFileReference; lastKnownFileType = sourcecode.swift; path = ShopSearchFetcher.swift; sourceTree = "<group>"; };
		D8A8E5BE269DEA66009F9C0C /* ImageDownloder.swift */ = {isa = PBXFileReference; lastKnownFileType = sourcecode.swift; path = ImageDownloder.swift; sourceTree = "<group>"; };
		D8A8E5C3269DEFBF009F9C0C /* URLImage.swift */ = {isa = PBXFileReference; lastKnownFileType = sourcecode.swift; path = URLImage.swift; sourceTree = "<group>"; };
		D8ADBBF926C400E10003002F /* NendInterstitialView.swift */ = {isa = PBXFileReference; lastKnownFileType = sourcecode.swift; path = NendInterstitialView.swift; sourceTree = "<group>"; };
		D8BA1184269661460007DCE5 /* QuickGourmet.app */ = {isa = PBXFileReference; explicitFileType = wrapper.application; includeInIndex = 0; path = QuickGourmet.app; sourceTree = BUILT_PRODUCTS_DIR; };
		D8BA1187269661460007DCE5 /* QuickGourmetApp.swift */ = {isa = PBXFileReference; lastKnownFileType = sourcecode.swift; path = QuickGourmetApp.swift; sourceTree = "<group>"; };
		D8BA118B269661490007DCE5 /* Assets.xcassets */ = {isa = PBXFileReference; lastKnownFileType = folder.assetcatalog; path = Assets.xcassets; sourceTree = "<group>"; };
		D8BA118E269661490007DCE5 /* Preview Assets.xcassets */ = {isa = PBXFileReference; lastKnownFileType = folder.assetcatalog; path = "Preview Assets.xcassets"; sourceTree = "<group>"; };
		D8BA1190269661490007DCE5 /* Info.plist */ = {isa = PBXFileReference; lastKnownFileType = text.plist.xml; path = Info.plist; sourceTree = "<group>"; };
		D8BD192D26B816C900E0BBCB /* QuickSearchView.swift */ = {isa = PBXFileReference; lastKnownFileType = sourcecode.swift; path = QuickSearchView.swift; sourceTree = "<group>"; };
		D8BD192F26B8282B00E0BBCB /* QuickSearchRowView.swift */ = {isa = PBXFileReference; lastKnownFileType = sourcecode.swift; path = QuickSearchRowView.swift; sourceTree = "<group>"; };
		D8C58FC026B8D2590020AC57 /* ArrowImage.swift */ = {isa = PBXFileReference; lastKnownFileType = sourcecode.swift; path = ArrowImage.swift; sourceTree = "<group>"; };
		D8D1198526C7B2A500F9CD65 /* NendBannerView.swift */ = {isa = PBXFileReference; lastKnownFileType = sourcecode.swift; path = NendBannerView.swift; sourceTree = "<group>"; };
		D8DB885126B962DA0057F807 /* UserDefaultsDataStore.swift */ = {isa = PBXFileReference; lastKnownFileType = sourcecode.swift; path = UserDefaultsDataStore.swift; sourceTree = "<group>"; };
		D8ED9E99269E78A100AFE337 /* ResponseGroup.swift */ = {isa = PBXFileReference; fileEncoding = 4; lastKnownFileType = sourcecode.swift; path = ResponseGroup.swift; sourceTree = "<group>"; };
		D8ED9EB1269E795F00AFE337 /* MockShopData.swift */ = {isa = PBXFileReference; fileEncoding = 4; lastKnownFileType = sourcecode.swift; path = MockShopData.swift; sourceTree = "<group>"; };
		D8ED9EB3269E798700AFE337 /* ShopRowView.swift */ = {isa = PBXFileReference; fileEncoding = 4; lastKnownFileType = sourcecode.swift; path = ShopRowView.swift; sourceTree = "<group>"; };
		D8ED9EB5269E799000AFE337 /* SearchListView.swift */ = {isa = PBXFileReference; fileEncoding = 4; lastKnownFileType = sourcecode.swift; path = SearchListView.swift; sourceTree = "<group>"; };
		D8ED9EB7269E79A500AFE337 /* SearchView.swift */ = {isa = PBXFileReference; fileEncoding = 4; lastKnownFileType = sourcecode.swift; path = SearchView.swift; sourceTree = "<group>"; };
		D8F12E7826B423D000118C63 /* CoreLocation.framework */ = {isa = PBXFileReference; lastKnownFileType = wrapper.framework; name = CoreLocation.framework; path = System/Library/Frameworks/CoreLocation.framework; sourceTree = SDKROOT; };
		D8F73EE226C34F4A00B26993 /* FirstScreenView.swift */ = {isa = PBXFileReference; lastKnownFileType = sourcecode.swift; path = FirstScreenView.swift; sourceTree = "<group>"; };
		D8F1495C26C7A12700F2C159 /* NendBannerViewController.swift */ = {isa = PBXFileReference; lastKnownFileType = sourcecode.swift; path = NendBannerViewController.swift; sourceTree = "<group>"; };
		D8FC157826B19DDA00B22408 /* MailView.swift */ = {isa = PBXFileReference; lastKnownFileType = sourcecode.swift; path = MailView.swift; sourceTree = "<group>"; };
		E1B982FE3AEA28CD50ABBD5C /* Pods_QuickGourmet.framework */ = {isa = PBXFileReference; explicitFileType = wrapper.framework; includeInIndex = 0; path = Pods_QuickGourmet.framework; sourceTree = BUILT_PRODUCTS_DIR; };
/* End PBXFileReference section */

/* Begin PBXFrameworksBuildPhase section */
		D8BA1181269661460007DCE5 /* Frameworks */ = {
			isa = PBXFrameworksBuildPhase;
			buildActionMask = 2147483647;
			files = (
				D8F12E7926B423D000118C63 /* CoreLocation.framework in Frameworks */,
				30289446D1E3B0797CB28608 /* Pods_QuickGourmet.framework in Frameworks */,
			);
			runOnlyForDeploymentPostprocessing = 0;
		};
/* End PBXFrameworksBuildPhase section */

/* Begin PBXGroup section */
		2AB96C0BE4D98F4978856322 /* Pods */ = {
			isa = PBXGroup;
			children = (
				2D426BF4E1A63986FA4520FC /* Pods-QuickGourmet.debug.xcconfig */,
				6DF1E1FFD30D2807F5F3C09B /* Pods-QuickGourmet.release.xcconfig */,
			);
			path = Pods;
			sourceTree = "<group>";
		};
		82F4305A5EDFBC96D78AA438 /* Frameworks */ = {
			isa = PBXGroup;
			children = (
				D8F12E7826B423D000118C63 /* CoreLocation.framework */,
				E1B982FE3AEA28CD50ABBD5C /* Pods_QuickGourmet.framework */,
			);
			name = Frameworks;
			sourceTree = "<group>";
		};
		D81CB62E26A942A5004807E1 /* Button */ = {
			isa = PBXGroup;
			children = (
				D81CB62C26A9405F004807E1 /* SearchButton.swift */,
			);
			path = Button;
			sourceTree = "<group>";
		};
		D82895C426A05FC50030FACB /* ViewModel */ = {
			isa = PBXGroup;
			children = (
				D88426F426AA740C0073B3F2 /* Search */,
				D87B8C3B26B045D900BB945C /* Menu */,
			);
			path = ViewModel;
			sourceTree = "<group>";
		};
		D8307BC226BC042E00DAB08C /* PopUp */ = {
			isa = PBXGroup;
			children = (
				D8307BC326BC045B00DAB08C /* PopupWindowView.swift */,
			);
			path = PopUp;
			sourceTree = "<group>";
		};
		D83D600C26AAB374002A6CEC /* Map */ = {
			isa = PBXGroup;
			children = (
				D83D600D26AAB387002A6CEC /* MapView.swift */,
			);
			path = Map;
			sourceTree = "<group>";
		};
		D8550485269D0B8B0053334A /* TabBar */ = {
			isa = PBXGroup;
			children = (
				D87C9C382696FDB70051FA77 /* TabBarView.swift */,
			);
			path = TabBar;
			sourceTree = "<group>";
		};
		D8550486269D0BA00053334A /* Search */ = {
			isa = PBXGroup;
			children = (
				D8ED9EAA269E791800AFE337 /* ShopList */,
				D8A8E5B7269DB3DA009F9C0C /* ShopDetail */,
			);
			path = Search;
			sourceTree = "<group>";
		};
		D8550487269D0C4B0053334A /* Menu */ = {
			isa = PBXGroup;
			children = (
				D87C9C3A269701A30051FA77 /* HamburgerMenuView.swift */,
			);
			path = Menu;
			sourceTree = "<group>";
		};
		D8550488269D0DAA0053334A /* Model */ = {
			isa = PBXGroup;
			children = (
				D8ED9EBB269E7A1200AFE337 /* ShopModel */,
				D8ED9EBA269E79EF00AFE337 /* Mocks */,
			);
			path = Model;
			sourceTree = "<group>";
		};
		D85D9DE126A2B98200F4B5C5 /* Utils */ = {
			isa = PBXGroup;
			children = (
				D8A8E5BE269DEA66009F9C0C /* ImageDownloder.swift */,
			);
			path = Utils;
			sourceTree = "<group>";
		};
		D871222926B988C6000D094A /* Extension */ = {
			isa = PBXGroup;
			children = (
				D871222A26B9892B000D094A /* Color.swift */,
				D871222D26B98DAB000D094A /* UIColor.swift */,
			);
			path = Extension;
			sourceTree = "<group>";
		};
		D87B8C3B26B045D900BB945C /* Menu */ = {
			isa = PBXGroup;
			children = (
				D87B8C3C26B045EF00BB945C /* HamburgerMenuViewModel.swift */,
			);
			path = Menu;
			sourceTree = "<group>";
		};
		D87C9C3C269703B80051FA77 /* Views */ = {
			isa = PBXGroup;
			children = (
				D8F73EE126C34D5B00B26993 /* Description */,
				D8550485269D0B8B0053334A /* TabBar */,
				D8550486269D0BA00053334A /* Search */,
				D8550487269D0C4B0053334A /* Menu */,
				D8307BC226BC042E00DAB08C /* PopUp */,
				D8A8E5C5269DF275009F9C0C /* Image */,
				D81CB62E26A942A5004807E1 /* Button */,
				D83D600C26AAB374002A6CEC /* Map */,
				D88426F826AA79DB0073B3F2 /* Safari */,
				D8FC157726B19DA700B22408 /* Mail */,
				D8ADBBF826C4006E0003002F /* Advertisement */,
			);
			path = Views;
			sourceTree = "<group>";
		};
		D88426F426AA740C0073B3F2 /* Search */ = {
			isa = PBXGroup;
			children = (
				D8711D3426A43377005EA395 /* SearchViewModel.swift */,
				D889303A26B914C2008C0F60 /* QuickSearchViewModel.swift */,
			);
			path = Search;
			sourceTree = "<group>";
		};
		D88426F826AA79DB0073B3F2 /* Safari */ = {
			isa = PBXGroup;
			children = (
				D88426F926AA7B680073B3F2 /* SafariView.swift */,
			);
			path = Safari;
			sourceTree = "<group>";
		};
		D8A8E5B7269DB3DA009F9C0C /* ShopDetail */ = {
			isa = PBXGroup;
			children = (
				D8A8E5B3269DAEB3009F9C0C /* ShopDetailView.swift */,
				D83D600826AAA0E8002A6CEC /* ShopDetailButtonView.swift */,
				D889E16026AED67100F18681 /* ShopDetailInfoView.swift */,
			);
			path = ShopDetail;
			sourceTree = "<group>";
		};
		D8A8E5B9269DBEA4009F9C0C /* API */ = {
			isa = PBXGroup;
			children = (
				D8A8E5BA269DC047009F9C0C /* ShopSearchFetcher.swift */,
				D829713126B26AA9005C4454 /* ApiKey.swift */,
			);
			path = API;
			sourceTree = "<group>";
		};
		D8A8E5C5269DF275009F9C0C /* Image */ = {
			isa = PBXGroup;
			children = (
				D8A8E5C3269DEFBF009F9C0C /* URLImage.swift */,
				D889E16226AF09EA00F18681 /* LogoImage.swift */,
				D8C58FC026B8D2590020AC57 /* ArrowImage.swift */,
			);
			path = Image;
			sourceTree = "<group>";
		};
		D8ADBBF826C4006E0003002F /* Advertisement */ = {
			isa = PBXGroup;
			children = (
				D8D1198726C7B8CD00F9CD65 /* InterstitialAd */,
				D8D1198826C7B8E900F9CD65 /* BannerAd */,
			);
			path = Advertisement;
			sourceTree = "<group>";
		};
		D8BA117B269661460007DCE5 = {
			isa = PBXGroup;
			children = (
				D8BA1186269661460007DCE5 /* QuickGourmet */,
				D8BA1185269661460007DCE5 /* Products */,
				2AB96C0BE4D98F4978856322 /* Pods */,
				82F4305A5EDFBC96D78AA438 /* Frameworks */,
			);
			sourceTree = "<group>";
		};
		D8BA1185269661460007DCE5 /* Products */ = {
			isa = PBXGroup;
			children = (
				D8BA1184269661460007DCE5 /* QuickGourmet.app */,
			);
			name = Products;
			sourceTree = "<group>";
		};
		D8BA1186269661460007DCE5 /* QuickGourmet */ = {
			isa = PBXGroup;
			children = (
				D8BA1187269661460007DCE5 /* QuickGourmetApp.swift */,
				D8550488269D0DAA0053334A /* Model */,
				D87C9C3C269703B80051FA77 /* Views */,
				D82895C426A05FC50030FACB /* ViewModel */,
				D8A8E5B9269DBEA4009F9C0C /* API */,
				D8DB885026B962BE0057F807 /* DataStore */,
				D85D9DE126A2B98200F4B5C5 /* Utils */,
				D871222926B988C6000D094A /* Extension */,
				D8BA118D269661490007DCE5 /* Preview Content */,
				D8BA118B269661490007DCE5 /* Assets.xcassets */,
				D8BA1190269661490007DCE5 /* Info.plist */,
			);
			path = QuickGourmet;
			sourceTree = "<group>";
		};
		D8BA118D269661490007DCE5 /* Preview Content */ = {
			isa = PBXGroup;
			children = (
				D8BA118E269661490007DCE5 /* Preview Assets.xcassets */,
			);
			path = "Preview Content";
			sourceTree = "<group>";
		};
		D8D1198726C7B8CD00F9CD65 /* InterstitialAd */ = {
			isa = PBXGroup;
			children = (
				D8ADBBF926C400E10003002F /* NendInterstitialView.swift */,
			);
			path = InterstitialAd;
			sourceTree = "<group>";
		};
		D8D1198826C7B8E900F9CD65 /* BannerAd */ = {
			isa = PBXGroup;
			children = (
				D8F1495C26C7A12700F2C159 /* NendBannerViewController.swift */,
				D8D1198526C7B2A500F9CD65 /* NendBannerView.swift */,
			);
			path = BannerAd;
			sourceTree = "<group>";
		};
		D8DB885026B962BE0057F807 /* DataStore */ = {
			isa = PBXGroup;
			children = (
				D8DB885126B962DA0057F807 /* UserDefaultsDataStore.swift */,
			);
			path = DataStore;
			sourceTree = "<group>";
		};
		D8ED9EAA269E791800AFE337 /* ShopList */ = {
			isa = PBXGroup;
			children = (
				D8ED9EB7269E79A500AFE337 /* SearchView.swift */,
				D8ED9EB5269E799000AFE337 /* SearchListView.swift */,
				D8ED9EB3269E798700AFE337 /* ShopRowView.swift */,
				D8BD192D26B816C900E0BBCB /* QuickSearchView.swift */,
				D8BD192F26B8282B00E0BBCB /* QuickSearchRowView.swift */,
			);
			path = ShopList;
			sourceTree = "<group>";
		};
		D8ED9EBA269E79EF00AFE337 /* Mocks */ = {
			isa = PBXGroup;
			children = (
				D8ED9EB1269E795F00AFE337 /* MockShopData.swift */,
			);
			path = Mocks;
			sourceTree = "<group>";
		};
		D8ED9EBB269E7A1200AFE337 /* ShopModel */ = {
			isa = PBXGroup;
			children = (
				D8ED9E99269E78A100AFE337 /* ResponseGroup.swift */,
				D855048C269D0F1B0053334A /* HotPepperResponseResponse.swift */,
			);
			path = ShopModel;
			sourceTree = "<group>";
		};
		D8F73EE126C34D5B00B26993 /* Description */ = {
			isa = PBXGroup;
			children = (
				D8F73EE226C34F4A00B26993 /* FirstScreenView.swift */,
			);
			path = Description;
			sourceTree = "<group>";
		};
		D8FC157726B19DA700B22408 /* Mail */ = {
			isa = PBXGroup;
			children = (
				D8FC157826B19DDA00B22408 /* MailView.swift */,
			);
			path = Mail;
			sourceTree = "<group>";
		};
/* End PBXGroup section */

/* Begin PBXNativeTarget section */
		D8BA1183269661460007DCE5 /* QuickGourmet */ = {
			isa = PBXNativeTarget;
			buildConfigurationList = D8BA1193269661490007DCE5 /* Build configuration list for PBXNativeTarget "QuickGourmet" */;
			buildPhases = (
				2E828DA7E99B2758BA396D76 /* [CP] Check Pods Manifest.lock */,
				D83A6DEF26B27A5D008F1A7B /* Run Script */,
				D8F12E7726B3F51600118C63 /* ShellScript */,
				D8BA1180269661460007DCE5 /* Sources */,
				D8BA1181269661460007DCE5 /* Frameworks */,
				D8BA1182269661460007DCE5 /* Resources */,
				4F5B5AAB5FC33EF3353120F3 /* [CP] Copy Pods Resources */,
			);
			buildRules = (
			);
			dependencies = (
			);
			name = QuickGourmet;
			productName = QuickGourmet;
			productReference = D8BA1184269661460007DCE5 /* QuickGourmet.app */;
			productType = "com.apple.product-type.application";
		};
/* End PBXNativeTarget section */

/* Begin PBXProject section */
		D8BA117C269661460007DCE5 /* Project object */ = {
			isa = PBXProject;
			attributes = {
				LastSwiftUpdateCheck = 1250;
				LastUpgradeCheck = 1250;
				TargetAttributes = {
					D8BA1183269661460007DCE5 = {
						CreatedOnToolsVersion = 12.5.1;
					};
				};
			};
			buildConfigurationList = D8BA117F269661460007DCE5 /* Build configuration list for PBXProject "QuickGourmet" */;
			compatibilityVersion = "Xcode 9.3";
			developmentRegion = en;
			hasScannedForEncodings = 0;
			knownRegions = (
				en,
				Base,
			);
			mainGroup = D8BA117B269661460007DCE5;
			productRefGroup = D8BA1185269661460007DCE5 /* Products */;
			projectDirPath = "";
			projectRoot = "";
			targets = (
				D8BA1183269661460007DCE5 /* QuickGourmet */,
			);
		};
/* End PBXProject section */

/* Begin PBXResourcesBuildPhase section */
		D8BA1182269661460007DCE5 /* Resources */ = {
			isa = PBXResourcesBuildPhase;
			buildActionMask = 2147483647;
			files = (
				D8BA118F269661490007DCE5 /* Preview Assets.xcassets in Resources */,
				D8BA118C269661490007DCE5 /* Assets.xcassets in Resources */,
			);
			runOnlyForDeploymentPostprocessing = 0;
		};
/* End PBXResourcesBuildPhase section */

/* Begin PBXShellScriptBuildPhase section */
		2E828DA7E99B2758BA396D76 /* [CP] Check Pods Manifest.lock */ = {
			isa = PBXShellScriptBuildPhase;
			buildActionMask = 2147483647;
			files = (
			);
			inputFileListPaths = (
			);
			inputPaths = (
				"${PODS_PODFILE_DIR_PATH}/Podfile.lock",
				"${PODS_ROOT}/Manifest.lock",
			);
			name = "[CP] Check Pods Manifest.lock";
			outputFileListPaths = (
			);
			outputPaths = (
				"$(DERIVED_FILE_DIR)/Pods-QuickGourmet-checkManifestLockResult.txt",
			);
			runOnlyForDeploymentPostprocessing = 0;
			shellPath = /bin/sh;
			shellScript = "diff \"${PODS_PODFILE_DIR_PATH}/Podfile.lock\" \"${PODS_ROOT}/Manifest.lock\" > /dev/null\nif [ $? != 0 ] ; then\n    # print error to STDERR\n    echo \"error: The sandbox is not in sync with the Podfile.lock. Run 'pod install' or update your CocoaPods installation.\" >&2\n    exit 1\nfi\n# This output is used by Xcode 'outputs' to avoid re-running this script phase.\necho \"SUCCESS\" > \"${SCRIPT_OUTPUT_FILE_0}\"\n";
			showEnvVarsInLog = 0;
		};
		4F5B5AAB5FC33EF3353120F3 /* [CP] Copy Pods Resources */ = {
			isa = PBXShellScriptBuildPhase;
			buildActionMask = 2147483647;
			files = (
			);
			inputFileListPaths = (
				"${PODS_ROOT}/Target Support Files/Pods-QuickGourmet/Pods-QuickGourmet-resources-${CONFIGURATION}-input-files.xcfilelist",
			);
			name = "[CP] Copy Pods Resources";
			outputFileListPaths = (
				"${PODS_ROOT}/Target Support Files/Pods-QuickGourmet/Pods-QuickGourmet-resources-${CONFIGURATION}-output-files.xcfilelist",
			);
			runOnlyForDeploymentPostprocessing = 0;
			shellPath = /bin/sh;
			shellScript = "\"${PODS_ROOT}/Target Support Files/Pods-QuickGourmet/Pods-QuickGourmet-resources.sh\"\n";
			showEnvVarsInLog = 0;
		};
		D83A6DEF26B27A5D008F1A7B /* Run Script */ = {
			isa = PBXShellScriptBuildPhase;
			buildActionMask = 2147483647;
			files = (
			);
			inputFileListPaths = (
			);
			inputPaths = (
			);
			name = "Run Script";
			outputFileListPaths = (
			);
			outputPaths = (
			);
			runOnlyForDeploymentPostprocessing = 0;
			shellPath = /bin/sh;
			shellScript = "# Type a script or drag a script file from your workspace to insert its path.\nif [ $CONFIGURATION = \"Debug\" ]; then\n\"${PODS_ROOT}/SwiftFormat/CommandLineTool/swiftformat\" . --exclude Pods --swiftversion 5.4.2 --disable unusedArguments --disable andOperator --disable preferKeyPath\nfi\n";
		};
		D8F12E7726B3F51600118C63 /* ShellScript */ = {
			isa = PBXShellScriptBuildPhase;
			buildActionMask = 2147483647;
			files = (
			);
			inputFileListPaths = (
			);
			inputPaths = (
			);
			outputFileListPaths = (
			);
			outputPaths = (
			);
			runOnlyForDeploymentPostprocessing = 0;
			shellPath = /bin/sh;
			shellScript = "# Type a script or drag a script file from your workspace to insert its path.\n\"${PODS_ROOT}/SwiftLint/swiftlint\"\n";
		};
/* End PBXShellScriptBuildPhase section */

/* Begin PBXSourcesBuildPhase section */
		D8BA1180269661460007DCE5 /* Sources */ = {
			isa = PBXSourcesBuildPhase;
			buildActionMask = 2147483647;
			files = (
				D889E16126AED67100F18681 /* ShopDetailInfoView.swift in Sources */,
				D8A8E5BF269DEA66009F9C0C /* ImageDownloder.swift in Sources */,
				D8ED9EB4269E798700AFE337 /* ShopRowView.swift in Sources */,
				D8C58FC126B8D2590020AC57 /* ArrowImage.swift in Sources */,
				D8307BC426BC045B00DAB08C /* PopupWindowView.swift in Sources */,
				D8711D3526A43377005EA395 /* SearchViewModel.swift in Sources */,
				D87B8C3D26B045EF00BB945C /* HamburgerMenuViewModel.swift in Sources */,
				D889E16326AF09EA00F18681 /* LogoImage.swift in Sources */,
				D8A8E5BB269DC047009F9C0C /* ShopSearchFetcher.swift in Sources */,
				D8F1495D26C7A12700F2C159 /* NendBannerViewController.swift in Sources */,
				D8DB885226B962DA0057F807 /* UserDefaultsDataStore.swift in Sources */,
				D8A8E5B4269DAEB3009F9C0C /* ShopDetailView.swift in Sources */,
				D889303B26B914C2008C0F60 /* QuickSearchViewModel.swift in Sources */,
				D83D600E26AAB387002A6CEC /* MapView.swift in Sources */,
				D8ED9EB6269E799000AFE337 /* SearchListView.swift in Sources */,
				D8BD193026B8282B00E0BBCB /* QuickSearchRowView.swift in Sources */,
				D8ADBBFA26C400E10003002F /* NendInterstitialView.swift in Sources */,
				D81CB62D26A9405F004807E1 /* SearchButton.swift in Sources */,
				D83D600926AAA0E8002A6CEC /* ShopDetailButtonView.swift in Sources */,
				D871222B26B9892B000D094A /* Color.swift in Sources */,
				D8A8E5C4269DEFBF009F9C0C /* URLImage.swift in Sources */,
				D8F73EE326C34F4A00B26993 /* FirstScreenView.swift in Sources */,
				D8ED9E9A269E78A100AFE337 /* ResponseGroup.swift in Sources */,
				D871222E26B98DAB000D094A /* UIColor.swift in Sources */,
				D8BD192E26B816C900E0BBCB /* QuickSearchView.swift in Sources */,
				D8ED9EB2269E795F00AFE337 /* MockShopData.swift in Sources */,
				D829713226B26AA9005C4454 /* ApiKey.swift in Sources */,
				D87C9C3B269701A30051FA77 /* HamburgerMenuView.swift in Sources */,
				D8D1198626C7B2A500F9CD65 /* NendBannerView.swift in Sources */,
				D8FC157926B19DDA00B22408 /* MailView.swift in Sources */,
				D8ED9EB8269E79A500AFE337 /* SearchView.swift in Sources */,
				D855048D269D0F1B0053334A /* HotPepperResponseResponse.swift in Sources */,
				D88426FA26AA7B680073B3F2 /* SafariView.swift in Sources */,
				D87C9C392696FDB70051FA77 /* TabBarView.swift in Sources */,
				D8BA1188269661460007DCE5 /* QuickGourmetApp.swift in Sources */,
			);
			runOnlyForDeploymentPostprocessing = 0;
		};
/* End PBXSourcesBuildPhase section */

/* Begin XCBuildConfiguration section */
		D8BA1191269661490007DCE5 /* Debug */ = {
			isa = XCBuildConfiguration;
			buildSettings = {
				ALWAYS_SEARCH_USER_PATHS = NO;
				CLANG_ANALYZER_NONNULL = YES;
				CLANG_ANALYZER_NUMBER_OBJECT_CONVERSION = YES_AGGRESSIVE;
				CLANG_CXX_LANGUAGE_STANDARD = "gnu++14";
				CLANG_CXX_LIBRARY = "libc++";
				CLANG_ENABLE_MODULES = YES;
				CLANG_ENABLE_OBJC_ARC = YES;
				CLANG_ENABLE_OBJC_WEAK = YES;
				CLANG_WARN_BLOCK_CAPTURE_AUTORELEASING = YES;
				CLANG_WARN_BOOL_CONVERSION = YES;
				CLANG_WARN_COMMA = YES;
				CLANG_WARN_CONSTANT_CONVERSION = YES;
				CLANG_WARN_DEPRECATED_OBJC_IMPLEMENTATIONS = YES;
				CLANG_WARN_DIRECT_OBJC_ISA_USAGE = YES_ERROR;
				CLANG_WARN_DOCUMENTATION_COMMENTS = YES;
				CLANG_WARN_EMPTY_BODY = YES;
				CLANG_WARN_ENUM_CONVERSION = YES;
				CLANG_WARN_INFINITE_RECURSION = YES;
				CLANG_WARN_INT_CONVERSION = YES;
				CLANG_WARN_NON_LITERAL_NULL_CONVERSION = YES;
				CLANG_WARN_OBJC_IMPLICIT_RETAIN_SELF = YES;
				CLANG_WARN_OBJC_LITERAL_CONVERSION = YES;
				CLANG_WARN_OBJC_ROOT_CLASS = YES_ERROR;
				CLANG_WARN_QUOTED_INCLUDE_IN_FRAMEWORK_HEADER = YES;
				CLANG_WARN_RANGE_LOOP_ANALYSIS = YES;
				CLANG_WARN_STRICT_PROTOTYPES = YES;
				CLANG_WARN_SUSPICIOUS_MOVE = YES;
				CLANG_WARN_UNGUARDED_AVAILABILITY = YES_AGGRESSIVE;
				CLANG_WARN_UNREACHABLE_CODE = YES;
				CLANG_WARN__DUPLICATE_METHOD_MATCH = YES;
				COPY_PHASE_STRIP = NO;
				DEBUG_INFORMATION_FORMAT = dwarf;
				ENABLE_STRICT_OBJC_MSGSEND = YES;
				ENABLE_TESTABILITY = YES;
				GCC_C_LANGUAGE_STANDARD = gnu11;
				GCC_DYNAMIC_NO_PIC = NO;
				GCC_NO_COMMON_BLOCKS = YES;
				GCC_OPTIMIZATION_LEVEL = 0;
				GCC_PREPROCESSOR_DEFINITIONS = (
					"DEBUG=1",
					"$(inherited)",
				);
				GCC_WARN_64_TO_32_BIT_CONVERSION = YES;
				GCC_WARN_ABOUT_RETURN_TYPE = YES_ERROR;
				GCC_WARN_UNDECLARED_SELECTOR = YES;
				GCC_WARN_UNINITIALIZED_AUTOS = YES_AGGRESSIVE;
				GCC_WARN_UNUSED_FUNCTION = YES;
				GCC_WARN_UNUSED_VARIABLE = YES;
				IPHONEOS_DEPLOYMENT_TARGET = 14.5;
				MTL_ENABLE_DEBUG_INFO = INCLUDE_SOURCE;
				MTL_FAST_MATH = YES;
				ONLY_ACTIVE_ARCH = YES;
				SDKROOT = iphoneos;
				SWIFT_ACTIVE_COMPILATION_CONDITIONS = DEBUG;
				SWIFT_OPTIMIZATION_LEVEL = "-Onone";
			};
			name = Debug;
		};
		D8BA1192269661490007DCE5 /* Release */ = {
			isa = XCBuildConfiguration;
			buildSettings = {
				ALWAYS_SEARCH_USER_PATHS = NO;
				CLANG_ANALYZER_NONNULL = YES;
				CLANG_ANALYZER_NUMBER_OBJECT_CONVERSION = YES_AGGRESSIVE;
				CLANG_CXX_LANGUAGE_STANDARD = "gnu++14";
				CLANG_CXX_LIBRARY = "libc++";
				CLANG_ENABLE_MODULES = YES;
				CLANG_ENABLE_OBJC_ARC = YES;
				CLANG_ENABLE_OBJC_WEAK = YES;
				CLANG_WARN_BLOCK_CAPTURE_AUTORELEASING = YES;
				CLANG_WARN_BOOL_CONVERSION = YES;
				CLANG_WARN_COMMA = YES;
				CLANG_WARN_CONSTANT_CONVERSION = YES;
				CLANG_WARN_DEPRECATED_OBJC_IMPLEMENTATIONS = YES;
				CLANG_WARN_DIRECT_OBJC_ISA_USAGE = YES_ERROR;
				CLANG_WARN_DOCUMENTATION_COMMENTS = YES;
				CLANG_WARN_EMPTY_BODY = YES;
				CLANG_WARN_ENUM_CONVERSION = YES;
				CLANG_WARN_INFINITE_RECURSION = YES;
				CLANG_WARN_INT_CONVERSION = YES;
				CLANG_WARN_NON_LITERAL_NULL_CONVERSION = YES;
				CLANG_WARN_OBJC_IMPLICIT_RETAIN_SELF = YES;
				CLANG_WARN_OBJC_LITERAL_CONVERSION = YES;
				CLANG_WARN_OBJC_ROOT_CLASS = YES_ERROR;
				CLANG_WARN_QUOTED_INCLUDE_IN_FRAMEWORK_HEADER = YES;
				CLANG_WARN_RANGE_LOOP_ANALYSIS = YES;
				CLANG_WARN_STRICT_PROTOTYPES = YES;
				CLANG_WARN_SUSPICIOUS_MOVE = YES;
				CLANG_WARN_UNGUARDED_AVAILABILITY = YES_AGGRESSIVE;
				CLANG_WARN_UNREACHABLE_CODE = YES;
				CLANG_WARN__DUPLICATE_METHOD_MATCH = YES;
				COPY_PHASE_STRIP = NO;
				DEBUG_INFORMATION_FORMAT = "dwarf-with-dsym";
				ENABLE_NS_ASSERTIONS = NO;
				ENABLE_STRICT_OBJC_MSGSEND = YES;
				GCC_C_LANGUAGE_STANDARD = gnu11;
				GCC_NO_COMMON_BLOCKS = YES;
				GCC_WARN_64_TO_32_BIT_CONVERSION = YES;
				GCC_WARN_ABOUT_RETURN_TYPE = YES_ERROR;
				GCC_WARN_UNDECLARED_SELECTOR = YES;
				GCC_WARN_UNINITIALIZED_AUTOS = YES_AGGRESSIVE;
				GCC_WARN_UNUSED_FUNCTION = YES;
				GCC_WARN_UNUSED_VARIABLE = YES;
				IPHONEOS_DEPLOYMENT_TARGET = 14.5;
				MTL_ENABLE_DEBUG_INFO = NO;
				MTL_FAST_MATH = YES;
				SDKROOT = iphoneos;
				SWIFT_COMPILATION_MODE = wholemodule;
				SWIFT_OPTIMIZATION_LEVEL = "-O";
				VALIDATE_PRODUCT = YES;
			};
			name = Release;
		};
		D8BA1194269661490007DCE5 /* Debug */ = {
			isa = XCBuildConfiguration;
			baseConfigurationReference = 2D426BF4E1A63986FA4520FC /* Pods-QuickGourmet.debug.xcconfig */;
			buildSettings = {
				ASSETCATALOG_COMPILER_APPICON_NAME = AppIcon;
				ASSETCATALOG_COMPILER_GLOBAL_ACCENT_COLOR_NAME = AccentColor;
				CODE_SIGN_STYLE = Automatic;
				DEVELOPMENT_ASSET_PATHS = "\"QuickGourmet/Preview Content\"";
				DEVELOPMENT_TEAM = 7FV88S27UR;
				ENABLE_PREVIEWS = YES;
				INFOPLIST_FILE = QuickGourmet/Info.plist;
				IPHONEOS_DEPLOYMENT_TARGET = 14.1;
				LD_RUNPATH_SEARCH_PATHS = (
					"$(inherited)",
					"@executable_path/Frameworks",
				);
				PRODUCT_BUNDLE_IDENTIFIER = com.ken.QuickGourmet;
				PRODUCT_NAME = "$(TARGET_NAME)";
				SWIFT_VERSION = 5.0;
				TARGETED_DEVICE_FAMILY = 1;
			};
			name = Debug;
		};
		D8BA1195269661490007DCE5 /* Release */ = {
			isa = XCBuildConfiguration;
			baseConfigurationReference = 6DF1E1FFD30D2807F5F3C09B /* Pods-QuickGourmet.release.xcconfig */;
			buildSettings = {
				ASSETCATALOG_COMPILER_APPICON_NAME = AppIcon;
				ASSETCATALOG_COMPILER_GLOBAL_ACCENT_COLOR_NAME = AccentColor;
				CODE_SIGN_STYLE = Automatic;
				DEVELOPMENT_ASSET_PATHS = "\"QuickGourmet/Preview Content\"";
				DEVELOPMENT_TEAM = 7FV88S27UR;
				ENABLE_PREVIEWS = YES;
				INFOPLIST_FILE = QuickGourmet/Info.plist;
				IPHONEOS_DEPLOYMENT_TARGET = 14.1;
				LD_RUNPATH_SEARCH_PATHS = (
					"$(inherited)",
					"@executable_path/Frameworks",
				);
				PRODUCT_BUNDLE_IDENTIFIER = com.ken.QuickGourmet;
				PRODUCT_NAME = "$(TARGET_NAME)";
				SWIFT_VERSION = 5.0;
				TARGETED_DEVICE_FAMILY = 1;
			};
			name = Release;
		};
/* End XCBuildConfiguration section */

/* Begin XCConfigurationList section */
		D8BA117F269661460007DCE5 /* Build configuration list for PBXProject "QuickGourmet" */ = {
			isa = XCConfigurationList;
			buildConfigurations = (
				D8BA1191269661490007DCE5 /* Debug */,
				D8BA1192269661490007DCE5 /* Release */,
			);
			defaultConfigurationIsVisible = 0;
			defaultConfigurationName = Release;
		};
		D8BA1193269661490007DCE5 /* Build configuration list for PBXNativeTarget "QuickGourmet" */ = {
			isa = XCConfigurationList;
			buildConfigurations = (
				D8BA1194269661490007DCE5 /* Debug */,
				D8BA1195269661490007DCE5 /* Release */,
			);
			defaultConfigurationIsVisible = 0;
			defaultConfigurationName = Release;
		};
/* End XCConfigurationList section */
	};
	rootObject = D8BA117C269661460007DCE5 /* Project object */;
}
