// !$*UTF8*$!
{
	archiveVersion = 1;
	classes = {
	};
	objectVersion = 51;
	objects = {

/* Begin PBXBuildFile section */
		30289446D1E3B0797CB28608 /* Pods_QuickGourmet.framework in Frameworks */ = {isa = PBXBuildFile; fileRef = E1B982FE3AEA28CD50ABBD5C /* Pods_QuickGourmet.framework */; };
		7172544AF30AC13EF0B90C34 /* Pods_QuickGourmet_QuickGourmetTests.framework in Frameworks */ = {isa = PBXBuildFile; fileRef = 3832230ABC60D93D21F04356 /* Pods_QuickGourmet_QuickGourmetTests.framework */; };
		D80803E326D49C1A009FACC8 /* FavoriteShopDetailView.swift in Sources */ = {isa = PBXBuildFile; fileRef = D80803E226D49C1A009FACC8 /* FavoriteShopDetailView.swift */; };
		D80803E526D49C41009FACC8 /* FavoriteListRowView.swift in Sources */ = {isa = PBXBuildFile; fileRef = D80803E426D49C41009FACC8 /* FavoriteListRowView.swift */; };
		D80803E726D49E93009FACC8 /* MockFavoriteShopData.swift in Sources */ = {isa = PBXBuildFile; fileRef = D80803E626D49E93009FACC8 /* MockFavoriteShopData.swift */; };
		D8087FD626DDD1C1008BFFEE /* MenuIconView.swift in Sources */ = {isa = PBXBuildFile; fileRef = D8087FD526DDD1C1008BFFEE /* MenuIconView.swift */; };
		D81CB62D26A9405F004807E1 /* SearchButtonView.swift in Sources */ = {isa = PBXBuildFile; fileRef = D81CB62C26A9405F004807E1 /* SearchButtonView.swift */; };
		D81D05902774AD1600FED1B4 /* AppTrackingTransparencyDataStore.swift in Sources */ = {isa = PBXBuildFile; fileRef = D81D058F2774AD1600FED1B4 /* AppTrackingTransparencyDataStore.swift */; };
		D81D05922774AD2700FED1B4 /* AppTrackingTransparencyRepository.swift in Sources */ = {isa = PBXBuildFile; fileRef = D81D05912774AD2700FED1B4 /* AppTrackingTransparencyRepository.swift */; };
		D81D05942774AD3200FED1B4 /* AppTrackingTransparencyRepositoryInterface.swift in Sources */ = {isa = PBXBuildFile; fileRef = D81D05932774AD3200FED1B4 /* AppTrackingTransparencyRepositoryInterface.swift */; };
		D81D05962774AD5100FED1B4 /* AppTrackingTransparencyViewModel.swift in Sources */ = {isa = PBXBuildFile; fileRef = D81D05952774AD5100FED1B4 /* AppTrackingTransparencyViewModel.swift */; };
		D81D059A2777062700FED1B4 /* AppTrackingTransparencyStatusTranslator.swift in Sources */ = {isa = PBXBuildFile; fileRef = D81D05992777062700FED1B4 /* AppTrackingTransparencyStatusTranslator.swift */; };
		D81D059C2777068C00FED1B4 /* AppTrackingTransparencyStatusType.swift in Sources */ = {isa = PBXBuildFile; fileRef = D81D059B2777068C00FED1B4 /* AppTrackingTransparencyStatusType.swift */; };
		D81D059E2777091E00FED1B4 /* AppTrackingTransparencyView.swift in Sources */ = {isa = PBXBuildFile; fileRef = D81D059D2777091E00FED1B4 /* AppTrackingTransparencyView.swift */; };
		D81E428226D21FD100DB5AD6 /* FavoriteButton.swift in Sources */ = {isa = PBXBuildFile; fileRef = D81E428126D21FD100DB5AD6 /* FavoriteButton.swift */; };
		D81E428526D23F7800DB5AD6 /* FavoriteViewModel.swift in Sources */ = {isa = PBXBuildFile; fileRef = D81E428426D23F7800DB5AD6 /* FavoriteViewModel.swift */; };
		D81E428826D255A000DB5AD6 /* FavoriteRepositoryInterface.swift in Sources */ = {isa = PBXBuildFile; fileRef = D81E428726D255A000DB5AD6 /* FavoriteRepositoryInterface.swift */; };
		D81E428A26D255FA00DB5AD6 /* FavoriteRepository.swift in Sources */ = {isa = PBXBuildFile; fileRef = D81E428926D255FA00DB5AD6 /* FavoriteRepository.swift */; };
		D81E428E26D258C500DB5AD6 /* FavoriteShop.swift in Sources */ = {isa = PBXBuildFile; fileRef = D81E428D26D258C500DB5AD6 /* FavoriteShop.swift */; };
		D8242669276C6ED800746EC0 /* LocationStatusType.swift in Sources */ = {isa = PBXBuildFile; fileRef = D8242668276C6ED800746EC0 /* LocationStatusType.swift */; };
		D826E54627741A6000D02E2B /* ApiKey.swift in Sources */ = {isa = PBXBuildFile; fileRef = D826E54527741A6000D02E2B /* ApiKey.swift */; };
		D826E54827741AC600D02E2B /* FirebaseHelper.swift in Sources */ = {isa = PBXBuildFile; fileRef = D826E54727741AC600D02E2B /* FirebaseHelper.swift */; };
		D826E54A27741D4800D02E2B /* ImageDownloadHelper.swift in Sources */ = {isa = PBXBuildFile; fileRef = D826E54927741D4800D02E2B /* ImageDownloadHelper.swift */; };
		D828135327648CD9002F1DF1 /* ShopDataStore.swift in Sources */ = {isa = PBXBuildFile; fileRef = D828135227648CD9002F1DF1 /* ShopDataStore.swift */; };
		D8281355276497BB002F1DF1 /* ShopDataStoreTests.swift in Sources */ = {isa = PBXBuildFile; fileRef = D8281354276497BB002F1DF1 /* ShopDataStoreTests.swift */; };
		D8281356276497C0002F1DF1 /* ShopDataStore.swift in Sources */ = {isa = PBXBuildFile; fileRef = D828135227648CD9002F1DF1 /* ShopDataStore.swift */; };
		D828135827649969002F1DF1 /* HotPepperResponseResponse.swift in Sources */ = {isa = PBXBuildFile; fileRef = D855048C269D0F1B0053334A /* HotPepperResponseResponse.swift */; };
		D828135A2764B049002F1DF1 /* FavoriteDataStore.swift in Sources */ = {isa = PBXBuildFile; fileRef = D82813592764B049002F1DF1 /* FavoriteDataStore.swift */; };
		D82EFF6F26F6E2B1002B0D6F /* PickerSelectTypeTranslatorTests.swift in Sources */ = {isa = PBXBuildFile; fileRef = D82EFF6E26F6E2B1002B0D6F /* PickerSelectTypeTranslatorTests.swift */; };
		D82EFF7126F6E2FE002B0D6F /* GenreTypeTranslatorTests.swift in Sources */ = {isa = PBXBuildFile; fileRef = D82EFF7026F6E2FE002B0D6F /* GenreTypeTranslatorTests.swift */; };
		D82EFF7B26F706BD002B0D6F /* QuickSearchViewModelTests.swift in Sources */ = {isa = PBXBuildFile; fileRef = D82EFF7A26F706BD002B0D6F /* QuickSearchViewModelTests.swift */; };
		D82EFF7D26F71825002B0D6F /* FavoriteViewModelTests.swift in Sources */ = {isa = PBXBuildFile; fileRef = D82EFF7C26F71825002B0D6F /* FavoriteViewModelTests.swift */; };
		D8307BC426BC045B00DAB08C /* PopupWindowView.swift in Sources */ = {isa = PBXBuildFile; fileRef = D8307BC326BC045B00DAB08C /* PopupWindowView.swift */; };
		D833880F26CC9F6A003446B1 /* UIApplication+Keyboard.swift in Sources */ = {isa = PBXBuildFile; fileRef = D833880E26CC9F6A003446B1 /* UIApplication+Keyboard.swift */; };
		D834146426CCFDBC002D7ED0 /* UserRepository.swift in Sources */ = {isa = PBXBuildFile; fileRef = D834146326CCFDBC002D7ED0 /* UserRepository.swift */; };
		D834146626CCFDFC002D7ED0 /* UserRepositoryInterface.swift in Sources */ = {isa = PBXBuildFile; fileRef = D834146526CCFDFC002D7ED0 /* UserRepositoryInterface.swift */; };
		D83D600926AAA0E8002A6CEC /* ShopDetailButtonView.swift in Sources */ = {isa = PBXBuildFile; fileRef = D83D600826AAA0E8002A6CEC /* ShopDetailButtonView.swift */; };
		D83D600E26AAB387002A6CEC /* MapView.swift in Sources */ = {isa = PBXBuildFile; fileRef = D83D600D26AAB387002A6CEC /* MapView.swift */; };
		D83EF2C826DCD4330022868E /* Colors.xcassets in Resources */ = {isa = PBXBuildFile; fileRef = D83EF2C726DCD4330022868E /* Colors.xcassets */; };
		D83EF2CB26DCD66D0022868E /* ColorManager.swift in Sources */ = {isa = PBXBuildFile; fileRef = D83EF2CA26DCD66D0022868E /* ColorManager.swift */; };
		D84E5C7926D5DF7A00BB79CE /* RemoveFavoriteButtonView.swift in Sources */ = {isa = PBXBuildFile; fileRef = D84E5C7826D5DF7A00BB79CE /* RemoveFavoriteButtonView.swift */; };
		D84E5C7B26D5DFFD00BB79CE /* FavoriteShopDetailInfoView.swift in Sources */ = {isa = PBXBuildFile; fileRef = D84E5C7A26D5DFFD00BB79CE /* FavoriteShopDetailInfoView.swift */; };
		D855048D269D0F1B0053334A /* HotPepperResponseResponse.swift in Sources */ = {isa = PBXBuildFile; fileRef = D855048C269D0F1B0053334A /* HotPepperResponseResponse.swift */; };
		D860592726FCBB800016C8AE /* LaunchScreen.storyboard in Resources */ = {isa = PBXBuildFile; fileRef = D860592626FCBB800016C8AE /* LaunchScreen.storyboard */; };
		D86F6A32277370A800910B15 /* LocatePermissionAlertType.swift in Sources */ = {isa = PBXBuildFile; fileRef = D86F6A31277370A800910B15 /* LocatePermissionAlertType.swift */; };
		D872240226D125300017D405 /* FavoriteListView.swift in Sources */ = {isa = PBXBuildFile; fileRef = D872240126D125300017D405 /* FavoriteListView.swift */; };
		D87B8C3D26B045EF00BB945C /* HamburgerMenuViewModel.swift in Sources */ = {isa = PBXBuildFile; fileRef = D87B8C3C26B045EF00BB945C /* HamburgerMenuViewModel.swift */; };
		D87C9C392696FDB70051FA77 /* TabBarView.swift in Sources */ = {isa = PBXBuildFile; fileRef = D87C9C382696FDB70051FA77 /* TabBarView.swift */; };
		D87C9C3B269701A30051FA77 /* MenuView.swift in Sources */ = {isa = PBXBuildFile; fileRef = D87C9C3A269701A30051FA77 /* MenuView.swift */; };
		D88124E5277C767E00AA3405 /* AppTrackingTransparencyStatusTranslatorTests.swift in Sources */ = {isa = PBXBuildFile; fileRef = D88124E4277C767E00AA3405 /* AppTrackingTransparencyStatusTranslatorTests.swift */; };
		D88124E6277C773F00AA3405 /* AppTrackingTransparencyStatusTranslator.swift in Sources */ = {isa = PBXBuildFile; fileRef = D81D05992777062700FED1B4 /* AppTrackingTransparencyStatusTranslator.swift */; };
		D88124E7277C774100AA3405 /* AppTrackingTransparencyStatusType.swift in Sources */ = {isa = PBXBuildFile; fileRef = D81D059B2777068C00FED1B4 /* AppTrackingTransparencyStatusType.swift */; };
		D88124EA277C79CC00AA3405 /* GenreType.swift in Sources */ = {isa = PBXBuildFile; fileRef = D8C5DE2B26E331C500617F6D /* GenreType.swift */; };
		D88124EB277C79D900AA3405 /* GenreTypeTranslator.swift in Sources */ = {isa = PBXBuildFile; fileRef = D8C5DE2E26E332EC00617F6D /* GenreTypeTranslator.swift */; };
		D88124EC277C79FD00AA3405 /* PickerSelectType.swift in Sources */ = {isa = PBXBuildFile; fileRef = D8C5DE3D26E3594200617F6D /* PickerSelectType.swift */; };
		D88124ED277C7A0400AA3405 /* PickerSelectTypeTranslator.swift in Sources */ = {isa = PBXBuildFile; fileRef = D8C5DE3F26E359CB00617F6D /* PickerSelectTypeTranslator.swift */; };
		D88124EF277C7AC600AA3405 /* ApiKey.swift in Sources */ = {isa = PBXBuildFile; fileRef = D826E54527741A6000D02E2B /* ApiKey.swift */; };
		D88426FA26AA7B680073B3F2 /* SafariView.swift in Sources */ = {isa = PBXBuildFile; fileRef = D88426F926AA7B680073B3F2 /* SafariView.swift */; };
		D889303B26B914C2008C0F60 /* QuickSearchViewModel.swift in Sources */ = {isa = PBXBuildFile; fileRef = D889303A26B914C2008C0F60 /* QuickSearchViewModel.swift */; };
		D889E16126AED67100F18681 /* ShopDetailInfoView.swift in Sources */ = {isa = PBXBuildFile; fileRef = D889E16026AED67100F18681 /* ShopDetailInfoView.swift */; };
		D889E16326AF09EA00F18681 /* LogoImage.swift in Sources */ = {isa = PBXBuildFile; fileRef = D889E16226AF09EA00F18681 /* LogoImage.swift */; };
		D897A27026F49E2000496839 /* ShopSearchRepository.swift in Sources */ = {isa = PBXBuildFile; fileRef = D897A26F26F49E2000496839 /* ShopSearchRepository.swift */; };
		D897A27426F49E4900496839 /* ShopRepositoryInterface.swift in Sources */ = {isa = PBXBuildFile; fileRef = D897A27326F49E4900496839 /* ShopRepositoryInterface.swift */; };
		D8A25A8A2768D40900D9F92F /* LocatePermissionDataStore.swift in Sources */ = {isa = PBXBuildFile; fileRef = D8A25A892768D40900D9F92F /* LocatePermissionDataStore.swift */; };
		D8A25A8C2768D45E00D9F92F /* LocatePermissionRepository.swift in Sources */ = {isa = PBXBuildFile; fileRef = D8A25A8B2768D45E00D9F92F /* LocatePermissionRepository.swift */; };
		D8A25A8E2768D47700D9F92F /* LocatePermissionRepositoryInterface.swift in Sources */ = {isa = PBXBuildFile; fileRef = D8A25A8D2768D47700D9F92F /* LocatePermissionRepositoryInterface.swift */; };
		D8A25A902768D4AA00D9F92F /* LocatePermissionViewModel.swift in Sources */ = {isa = PBXBuildFile; fileRef = D8A25A8F2768D4AA00D9F92F /* LocatePermissionViewModel.swift */; };
		D8A25A942768D56700D9F92F /* LocatePermissionView.swift in Sources */ = {isa = PBXBuildFile; fileRef = D8A25A932768D56700D9F92F /* LocatePermissionView.swift */; };
		D8A25A972768DC7A00D9F92F /* PermissionButtonView.swift in Sources */ = {isa = PBXBuildFile; fileRef = D8A25A962768DC7A00D9F92F /* PermissionButtonView.swift */; };
		D8A8E5B4269DAEB3009F9C0C /* ShopDetailView.swift in Sources */ = {isa = PBXBuildFile; fileRef = D8A8E5B3269DAEB3009F9C0C /* ShopDetailView.swift */; };
		D8A8E5C4269DEFBF009F9C0C /* URLImage.swift in Sources */ = {isa = PBXBuildFile; fileRef = D8A8E5C3269DEFBF009F9C0C /* URLImage.swift */; };
		D8ADBBFA26C400E10003002F /* NendInterstitialView.swift in Sources */ = {isa = PBXBuildFile; fileRef = D8ADBBF926C400E10003002F /* NendInterstitialView.swift */; };
		D8AE32CC26DF0E7C00FDD2B8 /* NavigationManager .swift in Sources */ = {isa = PBXBuildFile; fileRef = D8AE32CB26DF0E7C00FDD2B8 /* NavigationManager .swift */; };
		D8BA1188269661460007DCE5 /* QuickGourmetApp.swift in Sources */ = {isa = PBXBuildFile; fileRef = D8BA1187269661460007DCE5 /* QuickGourmetApp.swift */; };
		D8BA118C269661490007DCE5 /* Assets.xcassets in Resources */ = {isa = PBXBuildFile; fileRef = D8BA118B269661490007DCE5 /* Assets.xcassets */; };
		D8BA118F269661490007DCE5 /* Preview Assets.xcassets in Resources */ = {isa = PBXBuildFile; fileRef = D8BA118E269661490007DCE5 /* Preview Assets.xcassets */; };
		D8BD192E26B816C900E0BBCB /* QuickSearchView.swift in Sources */ = {isa = PBXBuildFile; fileRef = D8BD192D26B816C900E0BBCB /* QuickSearchView.swift */; };
		D8BD193026B8282B00E0BBCB /* QuickSearchRowView.swift in Sources */ = {isa = PBXBuildFile; fileRef = D8BD192F26B8282B00E0BBCB /* QuickSearchRowView.swift */; };
		D8C58FC126B8D2590020AC57 /* TransitionImage.swift in Sources */ = {isa = PBXBuildFile; fileRef = D8C58FC026B8D2590020AC57 /* TransitionImage.swift */; };
		D8C5DE2C26E331C500617F6D /* GenreType.swift in Sources */ = {isa = PBXBuildFile; fileRef = D8C5DE2B26E331C500617F6D /* GenreType.swift */; };
		D8C5DE2F26E332EC00617F6D /* GenreTypeTranslator.swift in Sources */ = {isa = PBXBuildFile; fileRef = D8C5DE2E26E332EC00617F6D /* GenreTypeTranslator.swift */; };
		D8C5DE3626E3368A00617F6D /* GenreTypeRepository.swift in Sources */ = {isa = PBXBuildFile; fileRef = D8C5DE3526E3368A00617F6D /* GenreTypeRepository.swift */; };
		D8C5DE3826E336A600617F6D /* GenreTypeRepositoryInterface.swift in Sources */ = {isa = PBXBuildFile; fileRef = D8C5DE3726E336A600617F6D /* GenreTypeRepositoryInterface.swift */; };
		D8C5DE3C26E3489100617F6D /* RepositoryLocator.swift in Sources */ = {isa = PBXBuildFile; fileRef = D8C5DE3B26E3489100617F6D /* RepositoryLocator.swift */; };
		D8C5DE3E26E3594200617F6D /* PickerSelectType.swift in Sources */ = {isa = PBXBuildFile; fileRef = D8C5DE3D26E3594200617F6D /* PickerSelectType.swift */; };
		D8C5DE4026E359CB00617F6D /* PickerSelectTypeTranslator.swift in Sources */ = {isa = PBXBuildFile; fileRef = D8C5DE3F26E359CB00617F6D /* PickerSelectTypeTranslator.swift */; };
		D8C5DE4326E35DCE00617F6D /* PickerSelectTypeRepositoryInterface.swift in Sources */ = {isa = PBXBuildFile; fileRef = D8C5DE4226E35DCE00617F6D /* PickerSelectTypeRepositoryInterface.swift */; };
		D8C5DE4526E35E4300617F6D /* PickerSelectTypeRepository.swift in Sources */ = {isa = PBXBuildFile; fileRef = D8C5DE4426E35E4300617F6D /* PickerSelectTypeRepository.swift */; };
		D8D16FF227733FE600C22E20 /* AppDelegate.swift in Sources */ = {isa = PBXBuildFile; fileRef = D8D16FF127733FE600C22E20 /* AppDelegate.swift */; };
		D8D16FF6277345C100C22E20 /* RootViewHelper.swift in Sources */ = {isa = PBXBuildFile; fileRef = D8D16FF5277345C100C22E20 /* RootViewHelper.swift */; };
		D8DB885226B962DA0057F807 /* UserDefaultsDataStore.swift in Sources */ = {isa = PBXBuildFile; fileRef = D8DB885126B962DA0057F807 /* UserDefaultsDataStore.swift */; };
		D8E300A526CE895E0032B666 /* ActivityIndicatorView.swift in Sources */ = {isa = PBXBuildFile; fileRef = D8E300A426CE895E0032B666 /* ActivityIndicatorView.swift */; };
		D8E9B75726CFB93700DC817F /* GoogleService-Info.plist in Resources */ = {isa = PBXBuildFile; fileRef = D8E9B75626CFB93700DC817F /* GoogleService-Info.plist */; };
		D8ED9EB2269E795F00AFE337 /* MockShopData.swift in Sources */ = {isa = PBXBuildFile; fileRef = D8ED9EB1269E795F00AFE337 /* MockShopData.swift */; };
		D8ED9EB4269E798700AFE337 /* QuickSearchListRowView.swift in Sources */ = {isa = PBXBuildFile; fileRef = D8ED9EB3269E798700AFE337 /* QuickSearchListRowView.swift */; };
		D8ED9EB6269E799000AFE337 /* QuickSearchListView.swift in Sources */ = {isa = PBXBuildFile; fileRef = D8ED9EB5269E799000AFE337 /* QuickSearchListView.swift */; };
		D8F12E7926B423D000118C63 /* CoreLocation.framework in Frameworks */ = {isa = PBXBuildFile; fileRef = D8F12E7826B423D000118C63 /* CoreLocation.framework */; };
		D8F854C026DE441E00BDBF8E /* MPLUSRounded1c-Bold.ttf in Resources */ = {isa = PBXBuildFile; fileRef = D8F854B826DE441E00BDBF8E /* MPLUSRounded1c-Bold.ttf */; };
		D8F854C226DE441E00BDBF8E /* MPLUSRounded1c-Light.ttf in Resources */ = {isa = PBXBuildFile; fileRef = D8F854BA26DE441E00BDBF8E /* MPLUSRounded1c-Light.ttf */; };
		D8F854C426DE441E00BDBF8E /* OFL.txt in Resources */ = {isa = PBXBuildFile; fileRef = D8F854BC26DE441E00BDBF8E /* OFL.txt */; };
		D8F854C526DE441E00BDBF8E /* MPLUSRounded1c-Medium.ttf in Resources */ = {isa = PBXBuildFile; fileRef = D8F854BD26DE441E00BDBF8E /* MPLUSRounded1c-Medium.ttf */; };
		D8F854C626DE441E00BDBF8E /* MPLUSRounded1c-Regular.ttf in Resources */ = {isa = PBXBuildFile; fileRef = D8F854BE26DE441E00BDBF8E /* MPLUSRounded1c-Regular.ttf */; };
		D8F854C926DE463500BDBF8E /* FontManager.swift in Sources */ = {isa = PBXBuildFile; fileRef = D8F854C826DE463500BDBF8E /* FontManager.swift */; };
		D8FC157926B19DDA00B22408 /* MailView.swift in Sources */ = {isa = PBXBuildFile; fileRef = D8FC157826B19DDA00B22408 /* MailView.swift */; };
		D8FD39DD276743BF00F1C69E /* FavoriteDataStoreTests.swift in Sources */ = {isa = PBXBuildFile; fileRef = D8FD39DC276743BF00F1C69E /* FavoriteDataStoreTests.swift */; };
		D8FD39DE276743E200F1C69E /* FavoriteShop.swift in Sources */ = {isa = PBXBuildFile; fileRef = D81E428D26D258C500DB5AD6 /* FavoriteShop.swift */; };
		D8FD39DF276743ED00F1C69E /* FavoriteDataStore.swift in Sources */ = {isa = PBXBuildFile; fileRef = D82813592764B049002F1DF1 /* FavoriteDataStore.swift */; };
		D8FD39E02767452800F1C69E /* MockFavoriteShopData.swift in Sources */ = {isa = PBXBuildFile; fileRef = D80803E626D49E93009FACC8 /* MockFavoriteShopData.swift */; };
		D8FD3AA627675BF700F1C69E /* GoogleService-Stage-Info.plist in Resources */ = {isa = PBXBuildFile; fileRef = D8FD3AA527675BF700F1C69E /* GoogleService-Stage-Info.plist */; };
/* End PBXBuildFile section */

/* Begin PBXContainerItemProxy section */
		D870EFDF26F5F8DB000E6D09 /* PBXContainerItemProxy */ = {
			isa = PBXContainerItemProxy;
			containerPortal = D8BA117C269661460007DCE5 /* Project object */;
			proxyType = 1;
			remoteGlobalIDString = D8BA1183269661460007DCE5;
			remoteInfo = QuickGourmet;
		};
/* End PBXContainerItemProxy section */

/* Begin PBXFileReference section */
		2D426BF4E1A63986FA4520FC /* Pods-QuickGourmet.debug.xcconfig */ = {isa = PBXFileReference; includeInIndex = 1; lastKnownFileType = text.xcconfig; name = "Pods-QuickGourmet.debug.xcconfig"; path = "Target Support Files/Pods-QuickGourmet/Pods-QuickGourmet.debug.xcconfig"; sourceTree = "<group>"; };
		3832230ABC60D93D21F04356 /* Pods_QuickGourmet_QuickGourmetTests.framework */ = {isa = PBXFileReference; explicitFileType = wrapper.framework; includeInIndex = 0; path = Pods_QuickGourmet_QuickGourmetTests.framework; sourceTree = BUILT_PRODUCTS_DIR; };
		3F523DAC8B1646255C9C195E /* Pods-QuickGourmet-QuickGourmetTests.debug.xcconfig */ = {isa = PBXFileReference; includeInIndex = 1; lastKnownFileType = text.xcconfig; name = "Pods-QuickGourmet-QuickGourmetTests.debug.xcconfig"; path = "Target Support Files/Pods-QuickGourmet-QuickGourmetTests/Pods-QuickGourmet-QuickGourmetTests.debug.xcconfig"; sourceTree = "<group>"; };
		6DF1E1FFD30D2807F5F3C09B /* Pods-QuickGourmet.release.xcconfig */ = {isa = PBXFileReference; includeInIndex = 1; lastKnownFileType = text.xcconfig; name = "Pods-QuickGourmet.release.xcconfig"; path = "Target Support Files/Pods-QuickGourmet/Pods-QuickGourmet.release.xcconfig"; sourceTree = "<group>"; };
		B792B12BBC8CB53B63AB91B3 /* Pods-QuickGourmet-QuickGourmetTests.release.xcconfig */ = {isa = PBXFileReference; includeInIndex = 1; lastKnownFileType = text.xcconfig; name = "Pods-QuickGourmet-QuickGourmetTests.release.xcconfig"; path = "Target Support Files/Pods-QuickGourmet-QuickGourmetTests/Pods-QuickGourmet-QuickGourmetTests.release.xcconfig"; sourceTree = "<group>"; };
		D80803E226D49C1A009FACC8 /* FavoriteShopDetailView.swift */ = {isa = PBXFileReference; lastKnownFileType = sourcecode.swift; path = FavoriteShopDetailView.swift; sourceTree = "<group>"; };
		D80803E426D49C41009FACC8 /* FavoriteListRowView.swift */ = {isa = PBXFileReference; lastKnownFileType = sourcecode.swift; path = FavoriteListRowView.swift; sourceTree = "<group>"; };
		D80803E626D49E93009FACC8 /* MockFavoriteShopData.swift */ = {isa = PBXFileReference; lastKnownFileType = sourcecode.swift; path = MockFavoriteShopData.swift; sourceTree = "<group>"; };
		D8087FD526DDD1C1008BFFEE /* MenuIconView.swift */ = {isa = PBXFileReference; lastKnownFileType = sourcecode.swift; path = MenuIconView.swift; sourceTree = "<group>"; };
		D81CB62C26A9405F004807E1 /* SearchButtonView.swift */ = {isa = PBXFileReference; lastKnownFileType = sourcecode.swift; path = SearchButtonView.swift; sourceTree = "<group>"; };
		D81D058F2774AD1600FED1B4 /* AppTrackingTransparencyDataStore.swift */ = {isa = PBXFileReference; lastKnownFileType = sourcecode.swift; path = AppTrackingTransparencyDataStore.swift; sourceTree = "<group>"; };
		D81D05912774AD2700FED1B4 /* AppTrackingTransparencyRepository.swift */ = {isa = PBXFileReference; lastKnownFileType = sourcecode.swift; path = AppTrackingTransparencyRepository.swift; sourceTree = "<group>"; };
		D81D05932774AD3200FED1B4 /* AppTrackingTransparencyRepositoryInterface.swift */ = {isa = PBXFileReference; lastKnownFileType = sourcecode.swift; path = AppTrackingTransparencyRepositoryInterface.swift; sourceTree = "<group>"; };
		D81D05952774AD5100FED1B4 /* AppTrackingTransparencyViewModel.swift */ = {isa = PBXFileReference; lastKnownFileType = sourcecode.swift; path = AppTrackingTransparencyViewModel.swift; sourceTree = "<group>"; };
		D81D05992777062700FED1B4 /* AppTrackingTransparencyStatusTranslator.swift */ = {isa = PBXFileReference; lastKnownFileType = sourcecode.swift; path = AppTrackingTransparencyStatusTranslator.swift; sourceTree = "<group>"; };
		D81D059B2777068C00FED1B4 /* AppTrackingTransparencyStatusType.swift */ = {isa = PBXFileReference; lastKnownFileType = sourcecode.swift; path = AppTrackingTransparencyStatusType.swift; sourceTree = "<group>"; };
		D81D059D2777091E00FED1B4 /* AppTrackingTransparencyView.swift */ = {isa = PBXFileReference; lastKnownFileType = sourcecode.swift; path = AppTrackingTransparencyView.swift; sourceTree = "<group>"; };
		D81E428126D21FD100DB5AD6 /* FavoriteButton.swift */ = {isa = PBXFileReference; lastKnownFileType = sourcecode.swift; path = FavoriteButton.swift; sourceTree = "<group>"; };
		D81E428426D23F7800DB5AD6 /* FavoriteViewModel.swift */ = {isa = PBXFileReference; lastKnownFileType = sourcecode.swift; path = FavoriteViewModel.swift; sourceTree = "<group>"; };
		D81E428726D255A000DB5AD6 /* FavoriteRepositoryInterface.swift */ = {isa = PBXFileReference; lastKnownFileType = sourcecode.swift; path = FavoriteRepositoryInterface.swift; sourceTree = "<group>"; };
		D81E428926D255FA00DB5AD6 /* FavoriteRepository.swift */ = {isa = PBXFileReference; lastKnownFileType = sourcecode.swift; path = FavoriteRepository.swift; sourceTree = "<group>"; };
		D81E428D26D258C500DB5AD6 /* FavoriteShop.swift */ = {isa = PBXFileReference; lastKnownFileType = sourcecode.swift; path = FavoriteShop.swift; sourceTree = "<group>"; };
		D8242668276C6ED800746EC0 /* LocationStatusType.swift */ = {isa = PBXFileReference; lastKnownFileType = sourcecode.swift; path = LocationStatusType.swift; sourceTree = "<group>"; };
		D826E54527741A6000D02E2B /* ApiKey.swift */ = {isa = PBXFileReference; fileEncoding = 4; lastKnownFileType = sourcecode.swift; path = ApiKey.swift; sourceTree = "<group>"; };
		D826E54727741AC600D02E2B /* FirebaseHelper.swift */ = {isa = PBXFileReference; lastKnownFileType = sourcecode.swift; path = FirebaseHelper.swift; sourceTree = "<group>"; };
		D826E54927741D4800D02E2B /* ImageDownloadHelper.swift */ = {isa = PBXFileReference; lastKnownFileType = sourcecode.swift; path = ImageDownloadHelper.swift; sourceTree = "<group>"; };
		D828135227648CD9002F1DF1 /* ShopDataStore.swift */ = {isa = PBXFileReference; lastKnownFileType = sourcecode.swift; path = ShopDataStore.swift; sourceTree = "<group>"; };
		D8281354276497BB002F1DF1 /* ShopDataStoreTests.swift */ = {isa = PBXFileReference; lastKnownFileType = sourcecode.swift; path = ShopDataStoreTests.swift; sourceTree = "<group>"; };
		D82813592764B049002F1DF1 /* FavoriteDataStore.swift */ = {isa = PBXFileReference; lastKnownFileType = sourcecode.swift; path = FavoriteDataStore.swift; sourceTree = "<group>"; };
		D82EFF6E26F6E2B1002B0D6F /* PickerSelectTypeTranslatorTests.swift */ = {isa = PBXFileReference; fileEncoding = 4; lastKnownFileType = sourcecode.swift; path = PickerSelectTypeTranslatorTests.swift; sourceTree = "<group>"; };
		D82EFF7026F6E2FE002B0D6F /* GenreTypeTranslatorTests.swift */ = {isa = PBXFileReference; lastKnownFileType = sourcecode.swift; path = GenreTypeTranslatorTests.swift; sourceTree = "<group>"; };
		D82EFF7A26F706BD002B0D6F /* QuickSearchViewModelTests.swift */ = {isa = PBXFileReference; lastKnownFileType = sourcecode.swift; path = QuickSearchViewModelTests.swift; sourceTree = "<group>"; };
		D82EFF7C26F71825002B0D6F /* FavoriteViewModelTests.swift */ = {isa = PBXFileReference; lastKnownFileType = sourcecode.swift; path = FavoriteViewModelTests.swift; sourceTree = "<group>"; };
		D8307BC326BC045B00DAB08C /* PopupWindowView.swift */ = {isa = PBXFileReference; lastKnownFileType = sourcecode.swift; path = PopupWindowView.swift; sourceTree = "<group>"; };
		D833880E26CC9F6A003446B1 /* UIApplication+Keyboard.swift */ = {isa = PBXFileReference; lastKnownFileType = sourcecode.swift; path = "UIApplication+Keyboard.swift"; sourceTree = "<group>"; };
		D834146326CCFDBC002D7ED0 /* UserRepository.swift */ = {isa = PBXFileReference; lastKnownFileType = sourcecode.swift; path = UserRepository.swift; sourceTree = "<group>"; };
		D834146526CCFDFC002D7ED0 /* UserRepositoryInterface.swift */ = {isa = PBXFileReference; lastKnownFileType = sourcecode.swift; path = UserRepositoryInterface.swift; sourceTree = "<group>"; };
		D83D600826AAA0E8002A6CEC /* ShopDetailButtonView.swift */ = {isa = PBXFileReference; lastKnownFileType = sourcecode.swift; path = ShopDetailButtonView.swift; sourceTree = "<group>"; };
		D83D600D26AAB387002A6CEC /* MapView.swift */ = {isa = PBXFileReference; lastKnownFileType = sourcecode.swift; path = MapView.swift; sourceTree = "<group>"; };
		D83EF2C726DCD4330022868E /* Colors.xcassets */ = {isa = PBXFileReference; lastKnownFileType = folder.assetcatalog; path = Colors.xcassets; sourceTree = "<group>"; };
		D83EF2CA26DCD66D0022868E /* ColorManager.swift */ = {isa = PBXFileReference; lastKnownFileType = sourcecode.swift; path = ColorManager.swift; sourceTree = "<group>"; };
		D84E5C7826D5DF7A00BB79CE /* RemoveFavoriteButtonView.swift */ = {isa = PBXFileReference; lastKnownFileType = sourcecode.swift; path = RemoveFavoriteButtonView.swift; sourceTree = "<group>"; };
		D84E5C7A26D5DFFD00BB79CE /* FavoriteShopDetailInfoView.swift */ = {isa = PBXFileReference; lastKnownFileType = sourcecode.swift; path = FavoriteShopDetailInfoView.swift; sourceTree = "<group>"; };
		D855048C269D0F1B0053334A /* HotPepperResponseResponse.swift */ = {isa = PBXFileReference; lastKnownFileType = sourcecode.swift; path = HotPepperResponseResponse.swift; sourceTree = "<group>"; };
		D860592626FCBB800016C8AE /* LaunchScreen.storyboard */ = {isa = PBXFileReference; lastKnownFileType = file.storyboard; path = LaunchScreen.storyboard; sourceTree = "<group>"; };
		D86F6A31277370A800910B15 /* LocatePermissionAlertType.swift */ = {isa = PBXFileReference; lastKnownFileType = sourcecode.swift; path = LocatePermissionAlertType.swift; sourceTree = "<group>"; };
		D870EFDA26F5F8DB000E6D09 /* QuickGourmetTests.xctest */ = {isa = PBXFileReference; explicitFileType = wrapper.cfbundle; includeInIndex = 0; path = QuickGourmetTests.xctest; sourceTree = BUILT_PRODUCTS_DIR; };
		D870EFDE26F5F8DB000E6D09 /* Info.plist */ = {isa = PBXFileReference; lastKnownFileType = text.plist.xml; path = Info.plist; sourceTree = "<group>"; };
		D870EFE426F5FE4A000E6D09 /* QuickGourmetTests-Bridging-Header.h */ = {isa = PBXFileReference; lastKnownFileType = sourcecode.c.h; path = "QuickGourmetTests-Bridging-Header.h"; sourceTree = "<group>"; };
		D872240126D125300017D405 /* FavoriteListView.swift */ = {isa = PBXFileReference; lastKnownFileType = sourcecode.swift; path = FavoriteListView.swift; sourceTree = "<group>"; };
		D87B8C3C26B045EF00BB945C /* HamburgerMenuViewModel.swift */ = {isa = PBXFileReference; lastKnownFileType = sourcecode.swift; path = HamburgerMenuViewModel.swift; sourceTree = "<group>"; };
		D87C9C382696FDB70051FA77 /* TabBarView.swift */ = {isa = PBXFileReference; lastKnownFileType = sourcecode.swift; path = TabBarView.swift; sourceTree = "<group>"; };
		D87C9C3A269701A30051FA77 /* MenuView.swift */ = {isa = PBXFileReference; lastKnownFileType = sourcecode.swift; path = MenuView.swift; sourceTree = "<group>"; };
		D88124E4277C767E00AA3405 /* AppTrackingTransparencyStatusTranslatorTests.swift */ = {isa = PBXFileReference; lastKnownFileType = sourcecode.swift; path = AppTrackingTransparencyStatusTranslatorTests.swift; sourceTree = "<group>"; };
		D88408FD26FF1FB7004B4156 /* README.md */ = {isa = PBXFileReference; lastKnownFileType = net.daringfireball.markdown; path = README.md; sourceTree = "<group>"; };
		D88426F926AA7B680073B3F2 /* SafariView.swift */ = {isa = PBXFileReference; lastKnownFileType = sourcecode.swift; path = SafariView.swift; sourceTree = "<group>"; };
		D889303A26B914C2008C0F60 /* QuickSearchViewModel.swift */ = {isa = PBXFileReference; lastKnownFileType = sourcecode.swift; path = QuickSearchViewModel.swift; sourceTree = "<group>"; };
		D889E16026AED67100F18681 /* ShopDetailInfoView.swift */ = {isa = PBXFileReference; lastKnownFileType = sourcecode.swift; path = ShopDetailInfoView.swift; sourceTree = "<group>"; };
		D889E16226AF09EA00F18681 /* LogoImage.swift */ = {isa = PBXFileReference; lastKnownFileType = sourcecode.swift; path = LogoImage.swift; sourceTree = "<group>"; };
		D897A26F26F49E2000496839 /* ShopSearchRepository.swift */ = {isa = PBXFileReference; lastKnownFileType = sourcecode.swift; path = ShopSearchRepository.swift; sourceTree = "<group>"; };
		D897A27326F49E4900496839 /* ShopRepositoryInterface.swift */ = {isa = PBXFileReference; lastKnownFileType = sourcecode.swift; path = ShopRepositoryInterface.swift; sourceTree = "<group>"; };
		D8A25A892768D40900D9F92F /* LocatePermissionDataStore.swift */ = {isa = PBXFileReference; lastKnownFileType = sourcecode.swift; path = LocatePermissionDataStore.swift; sourceTree = "<group>"; };
		D8A25A8B2768D45E00D9F92F /* LocatePermissionRepository.swift */ = {isa = PBXFileReference; lastKnownFileType = sourcecode.swift; path = LocatePermissionRepository.swift; sourceTree = "<group>"; };
		D8A25A8D2768D47700D9F92F /* LocatePermissionRepositoryInterface.swift */ = {isa = PBXFileReference; lastKnownFileType = sourcecode.swift; path = LocatePermissionRepositoryInterface.swift; sourceTree = "<group>"; };
		D8A25A8F2768D4AA00D9F92F /* LocatePermissionViewModel.swift */ = {isa = PBXFileReference; lastKnownFileType = sourcecode.swift; path = LocatePermissionViewModel.swift; sourceTree = "<group>"; };
		D8A25A932768D56700D9F92F /* LocatePermissionView.swift */ = {isa = PBXFileReference; lastKnownFileType = sourcecode.swift; path = LocatePermissionView.swift; sourceTree = "<group>"; };
		D8A25A962768DC7A00D9F92F /* PermissionButtonView.swift */ = {isa = PBXFileReference; lastKnownFileType = sourcecode.swift; path = PermissionButtonView.swift; sourceTree = "<group>"; };
		D8A8E5B3269DAEB3009F9C0C /* ShopDetailView.swift */ = {isa = PBXFileReference; lastKnownFileType = sourcecode.swift; path = ShopDetailView.swift; sourceTree = "<group>"; };
		D8A8E5C3269DEFBF009F9C0C /* URLImage.swift */ = {isa = PBXFileReference; lastKnownFileType = sourcecode.swift; path = URLImage.swift; sourceTree = "<group>"; };
		D8ADBBF926C400E10003002F /* NendInterstitialView.swift */ = {isa = PBXFileReference; lastKnownFileType = sourcecode.swift; path = NendInterstitialView.swift; sourceTree = "<group>"; };
		D8AE32CB26DF0E7C00FDD2B8 /* NavigationManager .swift */ = {isa = PBXFileReference; lastKnownFileType = sourcecode.swift; path = "NavigationManager .swift"; sourceTree = "<group>"; };
		D8BA1184269661460007DCE5 /* QuickGourmet.app */ = {isa = PBXFileReference; explicitFileType = wrapper.application; includeInIndex = 0; path = QuickGourmet.app; sourceTree = BUILT_PRODUCTS_DIR; };
		D8BA1187269661460007DCE5 /* QuickGourmetApp.swift */ = {isa = PBXFileReference; lastKnownFileType = sourcecode.swift; path = QuickGourmetApp.swift; sourceTree = "<group>"; };
		D8BA118B269661490007DCE5 /* Assets.xcassets */ = {isa = PBXFileReference; lastKnownFileType = folder.assetcatalog; path = Assets.xcassets; sourceTree = "<group>"; };
		D8BA118E269661490007DCE5 /* Preview Assets.xcassets */ = {isa = PBXFileReference; lastKnownFileType = folder.assetcatalog; path = "Preview Assets.xcassets"; sourceTree = "<group>"; };
		D8BA1190269661490007DCE5 /* Info.plist */ = {isa = PBXFileReference; lastKnownFileType = text.plist.xml; path = Info.plist; sourceTree = "<group>"; };
		D8BD192D26B816C900E0BBCB /* QuickSearchView.swift */ = {isa = PBXFileReference; lastKnownFileType = sourcecode.swift; path = QuickSearchView.swift; sourceTree = "<group>"; };
		D8BD192F26B8282B00E0BBCB /* QuickSearchRowView.swift */ = {isa = PBXFileReference; lastKnownFileType = sourcecode.swift; path = QuickSearchRowView.swift; sourceTree = "<group>"; };
		D8C58FC026B8D2590020AC57 /* TransitionImage.swift */ = {isa = PBXFileReference; lastKnownFileType = sourcecode.swift; path = TransitionImage.swift; sourceTree = "<group>"; };
		D8C5DE2B26E331C500617F6D /* GenreType.swift */ = {isa = PBXFileReference; lastKnownFileType = sourcecode.swift; path = GenreType.swift; sourceTree = "<group>"; };
		D8C5DE2E26E332EC00617F6D /* GenreTypeTranslator.swift */ = {isa = PBXFileReference; lastKnownFileType = sourcecode.swift; path = GenreTypeTranslator.swift; sourceTree = "<group>"; };
		D8C5DE3526E3368A00617F6D /* GenreTypeRepository.swift */ = {isa = PBXFileReference; lastKnownFileType = sourcecode.swift; path = GenreTypeRepository.swift; sourceTree = "<group>"; };
		D8C5DE3726E336A600617F6D /* GenreTypeRepositoryInterface.swift */ = {isa = PBXFileReference; lastKnownFileType = sourcecode.swift; path = GenreTypeRepositoryInterface.swift; sourceTree = "<group>"; };
		D8C5DE3B26E3489100617F6D /* RepositoryLocator.swift */ = {isa = PBXFileReference; lastKnownFileType = sourcecode.swift; path = RepositoryLocator.swift; sourceTree = "<group>"; };
		D8C5DE3D26E3594200617F6D /* PickerSelectType.swift */ = {isa = PBXFileReference; lastKnownFileType = sourcecode.swift; path = PickerSelectType.swift; sourceTree = "<group>"; };
		D8C5DE3F26E359CB00617F6D /* PickerSelectTypeTranslator.swift */ = {isa = PBXFileReference; lastKnownFileType = sourcecode.swift; path = PickerSelectTypeTranslator.swift; sourceTree = "<group>"; };
		D8C5DE4226E35DCE00617F6D /* PickerSelectTypeRepositoryInterface.swift */ = {isa = PBXFileReference; lastKnownFileType = sourcecode.swift; path = PickerSelectTypeRepositoryInterface.swift; sourceTree = "<group>"; };
		D8C5DE4426E35E4300617F6D /* PickerSelectTypeRepository.swift */ = {isa = PBXFileReference; lastKnownFileType = sourcecode.swift; path = PickerSelectTypeRepository.swift; sourceTree = "<group>"; };
		D8D16FF127733FE600C22E20 /* AppDelegate.swift */ = {isa = PBXFileReference; lastKnownFileType = sourcecode.swift; path = AppDelegate.swift; sourceTree = "<group>"; };
		D8D16FF5277345C100C22E20 /* RootViewHelper.swift */ = {isa = PBXFileReference; lastKnownFileType = sourcecode.swift; path = RootViewHelper.swift; sourceTree = "<group>"; };
		D8DB885126B962DA0057F807 /* UserDefaultsDataStore.swift */ = {isa = PBXFileReference; lastKnownFileType = sourcecode.swift; path = UserDefaultsDataStore.swift; sourceTree = "<group>"; };
		D8E300A426CE895E0032B666 /* ActivityIndicatorView.swift */ = {isa = PBXFileReference; lastKnownFileType = sourcecode.swift; path = ActivityIndicatorView.swift; sourceTree = "<group>"; };
		D8E9B75626CFB93700DC817F /* GoogleService-Info.plist */ = {isa = PBXFileReference; fileEncoding = 4; lastKnownFileType = text.plist.xml; path = "GoogleService-Info.plist"; sourceTree = "<group>"; };
		D8ED9EB1269E795F00AFE337 /* MockShopData.swift */ = {isa = PBXFileReference; fileEncoding = 4; lastKnownFileType = sourcecode.swift; path = MockShopData.swift; sourceTree = "<group>"; };
		D8ED9EB3269E798700AFE337 /* QuickSearchListRowView.swift */ = {isa = PBXFileReference; fileEncoding = 4; lastKnownFileType = sourcecode.swift; path = QuickSearchListRowView.swift; sourceTree = "<group>"; };
		D8ED9EB5269E799000AFE337 /* QuickSearchListView.swift */ = {isa = PBXFileReference; fileEncoding = 4; lastKnownFileType = sourcecode.swift; path = QuickSearchListView.swift; sourceTree = "<group>"; };
		D8F12E7826B423D000118C63 /* CoreLocation.framework */ = {isa = PBXFileReference; lastKnownFileType = wrapper.framework; name = CoreLocation.framework; path = System/Library/Frameworks/CoreLocation.framework; sourceTree = SDKROOT; };
		D8F854B826DE441E00BDBF8E /* MPLUSRounded1c-Bold.ttf */ = {isa = PBXFileReference; lastKnownFileType = file; path = "MPLUSRounded1c-Bold.ttf"; sourceTree = "<group>"; };
		D8F854BA26DE441E00BDBF8E /* MPLUSRounded1c-Light.ttf */ = {isa = PBXFileReference; lastKnownFileType = file; path = "MPLUSRounded1c-Light.ttf"; sourceTree = "<group>"; };
		D8F854BC26DE441E00BDBF8E /* OFL.txt */ = {isa = PBXFileReference; fileEncoding = 4; lastKnownFileType = text; path = OFL.txt; sourceTree = "<group>"; };
		D8F854BD26DE441E00BDBF8E /* MPLUSRounded1c-Medium.ttf */ = {isa = PBXFileReference; lastKnownFileType = file; path = "MPLUSRounded1c-Medium.ttf"; sourceTree = "<group>"; };
		D8F854BE26DE441E00BDBF8E /* MPLUSRounded1c-Regular.ttf */ = {isa = PBXFileReference; lastKnownFileType = file; path = "MPLUSRounded1c-Regular.ttf"; sourceTree = "<group>"; };
		D8F854C826DE463500BDBF8E /* FontManager.swift */ = {isa = PBXFileReference; lastKnownFileType = sourcecode.swift; path = FontManager.swift; sourceTree = "<group>"; };
		D8FC157826B19DDA00B22408 /* MailView.swift */ = {isa = PBXFileReference; lastKnownFileType = sourcecode.swift; path = MailView.swift; sourceTree = "<group>"; };
		D8FD39DC276743BF00F1C69E /* FavoriteDataStoreTests.swift */ = {isa = PBXFileReference; lastKnownFileType = sourcecode.swift; path = FavoriteDataStoreTests.swift; sourceTree = "<group>"; };
		D8FD3AA527675BF700F1C69E /* GoogleService-Stage-Info.plist */ = {isa = PBXFileReference; fileEncoding = 4; lastKnownFileType = text.plist.xml; path = "GoogleService-Stage-Info.plist"; sourceTree = "<group>"; };
		E1B982FE3AEA28CD50ABBD5C /* Pods_QuickGourmet.framework */ = {isa = PBXFileReference; explicitFileType = wrapper.framework; includeInIndex = 0; path = Pods_QuickGourmet.framework; sourceTree = BUILT_PRODUCTS_DIR; };
/* End PBXFileReference section */

/* Begin PBXFrameworksBuildPhase section */
		D870EFD726F5F8DB000E6D09 /* Frameworks */ = {
			isa = PBXFrameworksBuildPhase;
			buildActionMask = 2147483647;
			files = (
				7172544AF30AC13EF0B90C34 /* Pods_QuickGourmet_QuickGourmetTests.framework in Frameworks */,
			);
			runOnlyForDeploymentPostprocessing = 0;
		};
		D8BA1181269661460007DCE5 /* Frameworks */ = {
			isa = PBXFrameworksBuildPhase;
			buildActionMask = 2147483647;
			files = (
				D8F12E7926B423D000118C63 /* CoreLocation.framework in Frameworks */,
				30289446D1E3B0797CB28608 /* Pods_QuickGourmet.framework in Frameworks */,
			);
			runOnlyForDeploymentPostprocessing = 0;
		};
/* End PBXFrameworksBuildPhase section */

/* Begin PBXGroup section */
		2AB96C0BE4D98F4978856322 /* Pods */ = {
			isa = PBXGroup;
			children = (
				2D426BF4E1A63986FA4520FC /* Pods-QuickGourmet.debug.xcconfig */,
				6DF1E1FFD30D2807F5F3C09B /* Pods-QuickGourmet.release.xcconfig */,
				3F523DAC8B1646255C9C195E /* Pods-QuickGourmet-QuickGourmetTests.debug.xcconfig */,
				B792B12BBC8CB53B63AB91B3 /* Pods-QuickGourmet-QuickGourmetTests.release.xcconfig */,
			);
			path = Pods;
			sourceTree = "<group>";
		};
		82F4305A5EDFBC96D78AA438 /* Frameworks */ = {
			isa = PBXGroup;
			children = (
				D8F12E7826B423D000118C63 /* CoreLocation.framework */,
				E1B982FE3AEA28CD50ABBD5C /* Pods_QuickGourmet.framework */,
				3832230ABC60D93D21F04356 /* Pods_QuickGourmet_QuickGourmetTests.framework */,
			);
			name = Frameworks;
			sourceTree = "<group>";
		};
		D81CB62E26A942A5004807E1 /* Button */ = {
			isa = PBXGroup;
			children = (
				D81CB62C26A9405F004807E1 /* SearchButtonView.swift */,
				D81E428126D21FD100DB5AD6 /* FavoriteButton.swift */,
				D83D600826AAA0E8002A6CEC /* ShopDetailButtonView.swift */,
				D84E5C7826D5DF7A00BB79CE /* RemoveFavoriteButtonView.swift */,
				D8A25A962768DC7A00D9F92F /* PermissionButtonView.swift */,
			);
			path = Button;
			sourceTree = "<group>";
		};
		D826E54427741A4100D02E2B /* API */ = {
			isa = PBXGroup;
			children = (
				D826E54527741A6000D02E2B /* ApiKey.swift */,
			);
			path = API;
			sourceTree = "<group>";
		};
		D82895C426A05FC50030FACB /* ViewModel */ = {
			isa = PBXGroup;
			children = (
				D81D05952774AD5100FED1B4 /* AppTrackingTransparencyViewModel.swift */,
				D81E428426D23F7800DB5AD6 /* FavoriteViewModel.swift */,
				D87B8C3C26B045EF00BB945C /* HamburgerMenuViewModel.swift */,
				D8A25A8F2768D4AA00D9F92F /* LocatePermissionViewModel.swift */,
				D889303A26B914C2008C0F60 /* QuickSearchViewModel.swift */,
			);
			path = ViewModel;
			sourceTree = "<group>";
		};
		D82EFF6D26F6E2B1002B0D6F /* Translator */ = {
			isa = PBXGroup;
			children = (
				D82EFF7026F6E2FE002B0D6F /* GenreTypeTranslatorTests.swift */,
				D82EFF6E26F6E2B1002B0D6F /* PickerSelectTypeTranslatorTests.swift */,
				D88124E4277C767E00AA3405 /* AppTrackingTransparencyStatusTranslatorTests.swift */,
			);
			path = Translator;
			sourceTree = "<group>";
		};
		D82EFF7326F6ED87002B0D6F /* DataStore */ = {
			isa = PBXGroup;
			children = (
				D8FD39DC276743BF00F1C69E /* FavoriteDataStoreTests.swift */,
				D8281354276497BB002F1DF1 /* ShopDataStoreTests.swift */,
			);
			path = DataStore;
			sourceTree = "<group>";
		};
		D82EFF7926F70692002B0D6F /* ViewModel */ = {
			isa = PBXGroup;
			children = (
				D82EFF7C26F71825002B0D6F /* FavoriteViewModelTests.swift */,
				D82EFF7A26F706BD002B0D6F /* QuickSearchViewModelTests.swift */,
			);
			path = ViewModel;
			sourceTree = "<group>";
		};
		D831896127735DFD002B1130 /* Helper */ = {
			isa = PBXGroup;
			children = (
				D8D16FF5277345C100C22E20 /* RootViewHelper.swift */,
				D826E54727741AC600D02E2B /* FirebaseHelper.swift */,
				D826E54927741D4800D02E2B /* ImageDownloadHelper.swift */,
			);
			path = Helper;
			sourceTree = "<group>";
		};
		D834146226CCFD22002D7ED0 /* Repository */ = {
			isa = PBXGroup;
			children = (
				D81D05912774AD2700FED1B4 /* AppTrackingTransparencyRepository.swift */,
				D81D05932774AD3200FED1B4 /* AppTrackingTransparencyRepositoryInterface.swift */,
				D81E428926D255FA00DB5AD6 /* FavoriteRepository.swift */,
				D81E428726D255A000DB5AD6 /* FavoriteRepositoryInterface.swift */,
				D8C5DE3526E3368A00617F6D /* GenreTypeRepository.swift */,
				D8C5DE3726E336A600617F6D /* GenreTypeRepositoryInterface.swift */,
				D8A25A8B2768D45E00D9F92F /* LocatePermissionRepository.swift */,
				D8A25A8D2768D47700D9F92F /* LocatePermissionRepositoryInterface.swift */,
				D8C5DE4426E35E4300617F6D /* PickerSelectTypeRepository.swift */,
				D8C5DE4226E35DCE00617F6D /* PickerSelectTypeRepositoryInterface.swift */,
				D8C5DE3B26E3489100617F6D /* RepositoryLocator.swift */,
				D897A27326F49E4900496839 /* ShopRepositoryInterface.swift */,
				D897A26F26F49E2000496839 /* ShopSearchRepository.swift */,
				D834146326CCFDBC002D7ED0 /* UserRepository.swift */,
				D834146526CCFDFC002D7ED0 /* UserRepositoryInterface.swift */,
			);
			path = Repository;
			sourceTree = "<group>";
		};
		D8550486269D0BA00053334A /* Search */ = {
			isa = PBXGroup;
			children = (
				D8ED9EB3269E798700AFE337 /* QuickSearchListRowView.swift */,
				D8ED9EB5269E799000AFE337 /* QuickSearchListView.swift */,
				D8BD192F26B8282B00E0BBCB /* QuickSearchRowView.swift */,
				D8BD192D26B816C900E0BBCB /* QuickSearchView.swift */,
				D889E16026AED67100F18681 /* ShopDetailInfoView.swift */,
				D8A8E5B3269DAEB3009F9C0C /* ShopDetailView.swift */,
			);
			path = Search;
			sourceTree = "<group>";
		};
		D8550488269D0DAA0053334A /* Model */ = {
			isa = PBXGroup;
			children = (
				D8C5DE4D26E36C8E00617F6D /* Shop */,
				D8C5DE4E26E36CDC00617F6D /* Type */,
			);
			path = Model;
			sourceTree = "<group>";
		};
		D870EFDB26F5F8DB000E6D09 /* QuickGourmetTests */ = {
			isa = PBXGroup;
			children = (
				D8ED9EBA269E79EF00AFE337 /* Mocks */,
				D82EFF7926F70692002B0D6F /* ViewModel */,
				D82EFF7326F6ED87002B0D6F /* DataStore */,
				D82EFF6D26F6E2B1002B0D6F /* Translator */,
				D870EFDE26F5F8DB000E6D09 /* Info.plist */,
				D870EFE426F5FE4A000E6D09 /* QuickGourmetTests-Bridging-Header.h */,
			);
			path = QuickGourmetTests;
			sourceTree = "<group>";
		};
		D871222926B988C6000D094A /* Extension */ = {
			isa = PBXGroup;
			children = (
				D833880E26CC9F6A003446B1 /* UIApplication+Keyboard.swift */,
			);
			path = Extension;
			sourceTree = "<group>";
		};
		D872240026D125010017D405 /* Bookmark */ = {
			isa = PBXGroup;
			children = (
				D80803E426D49C41009FACC8 /* FavoriteListRowView.swift */,
				D872240126D125300017D405 /* FavoriteListView.swift */,
				D84E5C7A26D5DFFD00BB79CE /* FavoriteShopDetailInfoView.swift */,
				D80803E226D49C1A009FACC8 /* FavoriteShopDetailView.swift */,
			);
			path = Bookmark;
			sourceTree = "<group>";
		};
		D87C9C3C269703B80051FA77 /* Views */ = {
			isa = PBXGroup;
			children = (
				D872240026D125010017D405 /* Bookmark */,
				D81CB62E26A942A5004807E1 /* Button */,
				D8A8E5C5269DF275009F9C0C /* Image */,
				D8AE32CA26DF0E5900FDD2B8 /* Manager */,
				D8550486269D0BA00053334A /* Search */,
				D8E300A426CE895E0032B666 /* ActivityIndicatorView.swift */,
				D8A25A932768D56700D9F92F /* LocatePermissionView.swift */,
				D8FC157826B19DDA00B22408 /* MailView.swift */,
				D83D600D26AAB387002A6CEC /* MapView.swift */,
				D87C9C3A269701A30051FA77 /* MenuView.swift */,
				D8ADBBF926C400E10003002F /* NendInterstitialView.swift */,
				D8307BC326BC045B00DAB08C /* PopupWindowView.swift */,
				D88426F926AA7B680073B3F2 /* SafariView.swift */,
				D87C9C382696FDB70051FA77 /* TabBarView.swift */,
			);
			path = Views;
			sourceTree = "<group>";
		};
		D897A27526F4A34400496839 /* Resources */ = {
			isa = PBXGroup;
			children = (
				D8F854B426DE43BA00BDBF8E /* Fonts */,
			);
			path = Resources;
			sourceTree = "<group>";
		};
		D8A8E5C5269DF275009F9C0C /* Image */ = {
			isa = PBXGroup;
			children = (
				D81D059D2777091E00FED1B4 /* AppTrackingTransparencyView.swift */,
				D8A8E5C3269DEFBF009F9C0C /* URLImage.swift */,
				D889E16226AF09EA00F18681 /* LogoImage.swift */,
				D8C58FC026B8D2590020AC57 /* TransitionImage.swift */,
				D8087FD526DDD1C1008BFFEE /* MenuIconView.swift */,
			);
			path = Image;
			sourceTree = "<group>";
		};
		D8AE32CA26DF0E5900FDD2B8 /* Manager */ = {
			isa = PBXGroup;
			children = (
				D83EF2CA26DCD66D0022868E /* ColorManager.swift */,
				D8F854C826DE463500BDBF8E /* FontManager.swift */,
				D8AE32CB26DF0E7C00FDD2B8 /* NavigationManager .swift */,
			);
			path = Manager;
			sourceTree = "<group>";
		};
		D8BA117B269661460007DCE5 = {
			isa = PBXGroup;
			children = (
				D88408FD26FF1FB7004B4156 /* README.md */,
				D8BA1186269661460007DCE5 /* QuickGourmet */,
				D870EFDB26F5F8DB000E6D09 /* QuickGourmetTests */,
				D8BA1185269661460007DCE5 /* Products */,
				2AB96C0BE4D98F4978856322 /* Pods */,
				82F4305A5EDFBC96D78AA438 /* Frameworks */,
			);
			sourceTree = "<group>";
		};
		D8BA1185269661460007DCE5 /* Products */ = {
			isa = PBXGroup;
			children = (
				D8BA1184269661460007DCE5 /* QuickGourmet.app */,
				D870EFDA26F5F8DB000E6D09 /* QuickGourmetTests.xctest */,
			);
			name = Products;
			sourceTree = "<group>";
		};
		D8BA1186269661460007DCE5 /* QuickGourmet */ = {
			isa = PBXGroup;
			children = (
				D8D16FF127733FE600C22E20 /* AppDelegate.swift */,
				D8BA1187269661460007DCE5 /* QuickGourmetApp.swift */,
				D8550488269D0DAA0053334A /* Model */,
				D87C9C3C269703B80051FA77 /* Views */,
				D82895C426A05FC50030FACB /* ViewModel */,
				D831896127735DFD002B1130 /* Helper */,
				D8C5DE2D26E332B600617F6D /* Translator */,
				D834146226CCFD22002D7ED0 /* Repository */,
				D8DB885026B962BE0057F807 /* DataStore */,
				D871222926B988C6000D094A /* Extension */,
				D826E54427741A4100D02E2B /* API */,
				D897A27526F4A34400496839 /* Resources */,
				D8BA118D269661490007DCE5 /* Preview Content */,
				D860592626FCBB800016C8AE /* LaunchScreen.storyboard */,
				D8BA118B269661490007DCE5 /* Assets.xcassets */,
				D83EF2C726DCD4330022868E /* Colors.xcassets */,
				D8E9B75626CFB93700DC817F /* GoogleService-Info.plist */,
				D8FD3AA527675BF700F1C69E /* GoogleService-Stage-Info.plist */,
				D8BA1190269661490007DCE5 /* Info.plist */,
			);
			path = QuickGourmet;
			sourceTree = "<group>";
		};
		D8BA118D269661490007DCE5 /* Preview Content */ = {
			isa = PBXGroup;
			children = (
				D8BA118E269661490007DCE5 /* Preview Assets.xcassets */,
			);
			path = "Preview Content";
			sourceTree = "<group>";
		};
		D8C5DE2D26E332B600617F6D /* Translator */ = {
			isa = PBXGroup;
			children = (
				D8C5DE2E26E332EC00617F6D /* GenreTypeTranslator.swift */,
				D8C5DE3F26E359CB00617F6D /* PickerSelectTypeTranslator.swift */,
				D81D05992777062700FED1B4 /* AppTrackingTransparencyStatusTranslator.swift */,
			);
			path = Translator;
			sourceTree = "<group>";
		};
		D8C5DE4D26E36C8E00617F6D /* Shop */ = {
			isa = PBXGroup;
			children = (
				D855048C269D0F1B0053334A /* HotPepperResponseResponse.swift */,
				D81E428D26D258C500DB5AD6 /* FavoriteShop.swift */,
			);
			path = Shop;
			sourceTree = "<group>";
		};
		D8C5DE4E26E36CDC00617F6D /* Type */ = {
			isa = PBXGroup;
			children = (
				D8C5DE2B26E331C500617F6D /* GenreType.swift */,
				D8C5DE3D26E3594200617F6D /* PickerSelectType.swift */,
				D8242668276C6ED800746EC0 /* LocationStatusType.swift */,
				D86F6A31277370A800910B15 /* LocatePermissionAlertType.swift */,
				D81D059B2777068C00FED1B4 /* AppTrackingTransparencyStatusType.swift */,
			);
			path = Type;
			sourceTree = "<group>";
		};
		D8DB885026B962BE0057F807 /* DataStore */ = {
			isa = PBXGroup;
			children = (
				D81D058F2774AD1600FED1B4 /* AppTrackingTransparencyDataStore.swift */,
				D82813592764B049002F1DF1 /* FavoriteDataStore.swift */,
				D8A25A892768D40900D9F92F /* LocatePermissionDataStore.swift */,
				D828135227648CD9002F1DF1 /* ShopDataStore.swift */,
				D8DB885126B962DA0057F807 /* UserDefaultsDataStore.swift */,
			);
			path = DataStore;
			sourceTree = "<group>";
		};
		D8ED9EBA269E79EF00AFE337 /* Mocks */ = {
			isa = PBXGroup;
			children = (
				D80803E626D49E93009FACC8 /* MockFavoriteShopData.swift */,
				D8ED9EB1269E795F00AFE337 /* MockShopData.swift */,
			);
			path = Mocks;
			sourceTree = "<group>";
		};
		D8F854B426DE43BA00BDBF8E /* Fonts */ = {
			isa = PBXGroup;
			children = (
				D8F854B626DE441E00BDBF8E /* M_PLUS_Rounded_1c */,
			);
			path = Fonts;
			sourceTree = "<group>";
		};
		D8F854B626DE441E00BDBF8E /* M_PLUS_Rounded_1c */ = {
			isa = PBXGroup;
			children = (
				D8F854B826DE441E00BDBF8E /* MPLUSRounded1c-Bold.ttf */,
				D8F854BA26DE441E00BDBF8E /* MPLUSRounded1c-Light.ttf */,
				D8F854BC26DE441E00BDBF8E /* OFL.txt */,
				D8F854BD26DE441E00BDBF8E /* MPLUSRounded1c-Medium.ttf */,
				D8F854BE26DE441E00BDBF8E /* MPLUSRounded1c-Regular.ttf */,
			);
			path = M_PLUS_Rounded_1c;
			sourceTree = "<group>";
			usesTabs = 0;
		};
/* End PBXGroup section */

/* Begin PBXNativeTarget section */
		D870EFD926F5F8DB000E6D09 /* QuickGourmetTests */ = {
			isa = PBXNativeTarget;
			buildConfigurationList = D870EFE326F5F8DB000E6D09 /* Build configuration list for PBXNativeTarget "QuickGourmetTests" */;
			buildPhases = (
				7844A1DE4BE4DB94489C2908 /* [CP] Check Pods Manifest.lock */,
				D870EFD626F5F8DB000E6D09 /* Sources */,
				D870EFD726F5F8DB000E6D09 /* Frameworks */,
				D870EFD826F5F8DB000E6D09 /* Resources */,
				69D0AF432466012C76BED41E /* [CP] Embed Pods Frameworks */,
				68B15DC44755B91A92756D6C /* [CP] Copy Pods Resources */,
			);
			buildRules = (
			);
			dependencies = (
				D870EFE026F5F8DB000E6D09 /* PBXTargetDependency */,
			);
			name = QuickGourmetTests;
			productName = QuickGourmetTests;
			productReference = D870EFDA26F5F8DB000E6D09 /* QuickGourmetTests.xctest */;
			productType = "com.apple.product-type.bundle.unit-test";
		};
		D8BA1183269661460007DCE5 /* QuickGourmet */ = {
			isa = PBXNativeTarget;
			buildConfigurationList = D8BA1193269661490007DCE5 /* Build configuration list for PBXNativeTarget "QuickGourmet" */;
			buildPhases = (
				2E828DA7E99B2758BA396D76 /* [CP] Check Pods Manifest.lock */,
				D83A6DEF26B27A5D008F1A7B /* Run Script */,
				D8F12E7726B3F51600118C63 /* ShellScript */,
				D8BA1180269661460007DCE5 /* Sources */,
				D8BA1181269661460007DCE5 /* Frameworks */,
				D8BA1182269661460007DCE5 /* Resources */,
				4F5B5AAB5FC33EF3353120F3 /* [CP] Copy Pods Resources */,
				58A1D2FF1B9C10EA3007A3FE /* [CP] Embed Pods Frameworks */,
			);
			buildRules = (
			);
			dependencies = (
			);
			name = QuickGourmet;
			productName = QuickGourmet;
			productReference = D8BA1184269661460007DCE5 /* QuickGourmet.app */;
			productType = "com.apple.product-type.application";
		};
/* End PBXNativeTarget section */

/* Begin PBXProject section */
		D8BA117C269661460007DCE5 /* Project object */ = {
			isa = PBXProject;
			attributes = {
				LastSwiftUpdateCheck = 1250;
				LastUpgradeCheck = 1250;
				TargetAttributes = {
					D870EFD926F5F8DB000E6D09 = {
						CreatedOnToolsVersion = 12.5.1;
						LastSwiftMigration = 1250;
						TestTargetID = D8BA1183269661460007DCE5;
					};
					D8BA1183269661460007DCE5 = {
						CreatedOnToolsVersion = 12.5.1;
					};
				};
			};
			buildConfigurationList = D8BA117F269661460007DCE5 /* Build configuration list for PBXProject "QuickGourmet" */;
			compatibilityVersion = "Xcode 9.3";
			developmentRegion = en;
			hasScannedForEncodings = 0;
			knownRegions = (
				en,
				Base,
			);
			mainGroup = D8BA117B269661460007DCE5;
			productRefGroup = D8BA1185269661460007DCE5 /* Products */;
			projectDirPath = "";
			projectRoot = "";
			targets = (
				D8BA1183269661460007DCE5 /* QuickGourmet */,
				D870EFD926F5F8DB000E6D09 /* QuickGourmetTests */,
			);
		};
/* End PBXProject section */

/* Begin PBXResourcesBuildPhase section */
		D870EFD826F5F8DB000E6D09 /* Resources */ = {
			isa = PBXResourcesBuildPhase;
			buildActionMask = 2147483647;
			files = (
			);
			runOnlyForDeploymentPostprocessing = 0;
		};
		D8BA1182269661460007DCE5 /* Resources */ = {
			isa = PBXResourcesBuildPhase;
			buildActionMask = 2147483647;
			files = (
				D8FD3AA627675BF700F1C69E /* GoogleService-Stage-Info.plist in Resources */,
				D8F854C526DE441E00BDBF8E /* MPLUSRounded1c-Medium.ttf in Resources */,
				D8F854C426DE441E00BDBF8E /* OFL.txt in Resources */,
				D8F854C626DE441E00BDBF8E /* MPLUSRounded1c-Regular.ttf in Resources */,
				D860592726FCBB800016C8AE /* LaunchScreen.storyboard in Resources */,
				D8BA118F269661490007DCE5 /* Preview Assets.xcassets in Resources */,
				D83EF2C826DCD4330022868E /* Colors.xcassets in Resources */,
				D8BA118C269661490007DCE5 /* Assets.xcassets in Resources */,
				D8E9B75726CFB93700DC817F /* GoogleService-Info.plist in Resources */,
				D8F854C026DE441E00BDBF8E /* MPLUSRounded1c-Bold.ttf in Resources */,
				D8F854C226DE441E00BDBF8E /* MPLUSRounded1c-Light.ttf in Resources */,
			);
			runOnlyForDeploymentPostprocessing = 0;
		};
/* End PBXResourcesBuildPhase section */

/* Begin PBXShellScriptBuildPhase section */
		2E828DA7E99B2758BA396D76 /* [CP] Check Pods Manifest.lock */ = {
			isa = PBXShellScriptBuildPhase;
			buildActionMask = 2147483647;
			files = (
			);
			inputFileListPaths = (
			);
			inputPaths = (
				"${PODS_PODFILE_DIR_PATH}/Podfile.lock",
				"${PODS_ROOT}/Manifest.lock",
			);
			name = "[CP] Check Pods Manifest.lock";
			outputFileListPaths = (
			);
			outputPaths = (
				"$(DERIVED_FILE_DIR)/Pods-QuickGourmet-checkManifestLockResult.txt",
			);
			runOnlyForDeploymentPostprocessing = 0;
			shellPath = /bin/sh;
			shellScript = "diff \"${PODS_PODFILE_DIR_PATH}/Podfile.lock\" \"${PODS_ROOT}/Manifest.lock\" > /dev/null\nif [ $? != 0 ] ; then\n    # print error to STDERR\n    echo \"error: The sandbox is not in sync with the Podfile.lock. Run 'pod install' or update your CocoaPods installation.\" >&2\n    exit 1\nfi\n# This output is used by Xcode 'outputs' to avoid re-running this script phase.\necho \"SUCCESS\" > \"${SCRIPT_OUTPUT_FILE_0}\"\n";
			showEnvVarsInLog = 0;
		};
		4F5B5AAB5FC33EF3353120F3 /* [CP] Copy Pods Resources */ = {
			isa = PBXShellScriptBuildPhase;
			buildActionMask = 2147483647;
			files = (
			);
			inputFileListPaths = (
				"${PODS_ROOT}/Target Support Files/Pods-QuickGourmet/Pods-QuickGourmet-resources-${CONFIGURATION}-input-files.xcfilelist",
			);
			name = "[CP] Copy Pods Resources";
			outputFileListPaths = (
				"${PODS_ROOT}/Target Support Files/Pods-QuickGourmet/Pods-QuickGourmet-resources-${CONFIGURATION}-output-files.xcfilelist",
			);
			runOnlyForDeploymentPostprocessing = 0;
			shellPath = /bin/sh;
			shellScript = "\"${PODS_ROOT}/Target Support Files/Pods-QuickGourmet/Pods-QuickGourmet-resources.sh\"\n";
			showEnvVarsInLog = 0;
		};
		58A1D2FF1B9C10EA3007A3FE /* [CP] Embed Pods Frameworks */ = {
			isa = PBXShellScriptBuildPhase;
			buildActionMask = 2147483647;
			files = (
			);
			inputFileListPaths = (
				"${PODS_ROOT}/Target Support Files/Pods-QuickGourmet/Pods-QuickGourmet-frameworks-${CONFIGURATION}-input-files.xcfilelist",
			);
			name = "[CP] Embed Pods Frameworks";
			outputFileListPaths = (
				"${PODS_ROOT}/Target Support Files/Pods-QuickGourmet/Pods-QuickGourmet-frameworks-${CONFIGURATION}-output-files.xcfilelist",
			);
			runOnlyForDeploymentPostprocessing = 0;
			shellPath = /bin/sh;
			shellScript = "\"${PODS_ROOT}/Target Support Files/Pods-QuickGourmet/Pods-QuickGourmet-frameworks.sh\"\n";
			showEnvVarsInLog = 0;
		};
		68B15DC44755B91A92756D6C /* [CP] Copy Pods Resources */ = {
			isa = PBXShellScriptBuildPhase;
			buildActionMask = 2147483647;
			files = (
			);
			inputFileListPaths = (
				"${PODS_ROOT}/Target Support Files/Pods-QuickGourmet-QuickGourmetTests/Pods-QuickGourmet-QuickGourmetTests-resources-${CONFIGURATION}-input-files.xcfilelist",
			);
			name = "[CP] Copy Pods Resources";
			outputFileListPaths = (
				"${PODS_ROOT}/Target Support Files/Pods-QuickGourmet-QuickGourmetTests/Pods-QuickGourmet-QuickGourmetTests-resources-${CONFIGURATION}-output-files.xcfilelist",
			);
			runOnlyForDeploymentPostprocessing = 0;
			shellPath = /bin/sh;
			shellScript = "\"${PODS_ROOT}/Target Support Files/Pods-QuickGourmet-QuickGourmetTests/Pods-QuickGourmet-QuickGourmetTests-resources.sh\"\n";
			showEnvVarsInLog = 0;
		};
		69D0AF432466012C76BED41E /* [CP] Embed Pods Frameworks */ = {
			isa = PBXShellScriptBuildPhase;
			buildActionMask = 2147483647;
			files = (
			);
			inputFileListPaths = (
				"${PODS_ROOT}/Target Support Files/Pods-QuickGourmet-QuickGourmetTests/Pods-QuickGourmet-QuickGourmetTests-frameworks-${CONFIGURATION}-input-files.xcfilelist",
			);
			name = "[CP] Embed Pods Frameworks";
			outputFileListPaths = (
				"${PODS_ROOT}/Target Support Files/Pods-QuickGourmet-QuickGourmetTests/Pods-QuickGourmet-QuickGourmetTests-frameworks-${CONFIGURATION}-output-files.xcfilelist",
			);
			runOnlyForDeploymentPostprocessing = 0;
			shellPath = /bin/sh;
			shellScript = "\"${PODS_ROOT}/Target Support Files/Pods-QuickGourmet-QuickGourmetTests/Pods-QuickGourmet-QuickGourmetTests-frameworks.sh\"\n";
			showEnvVarsInLog = 0;
		};
		7844A1DE4BE4DB94489C2908 /* [CP] Check Pods Manifest.lock */ = {
			isa = PBXShellScriptBuildPhase;
			buildActionMask = 2147483647;
			files = (
			);
			inputFileListPaths = (
			);
			inputPaths = (
				"${PODS_PODFILE_DIR_PATH}/Podfile.lock",
				"${PODS_ROOT}/Manifest.lock",
			);
			name = "[CP] Check Pods Manifest.lock";
			outputFileListPaths = (
			);
			outputPaths = (
				"$(DERIVED_FILE_DIR)/Pods-QuickGourmet-QuickGourmetTests-checkManifestLockResult.txt",
			);
			runOnlyForDeploymentPostprocessing = 0;
			shellPath = /bin/sh;
			shellScript = "diff \"${PODS_PODFILE_DIR_PATH}/Podfile.lock\" \"${PODS_ROOT}/Manifest.lock\" > /dev/null\nif [ $? != 0 ] ; then\n    # print error to STDERR\n    echo \"error: The sandbox is not in sync with the Podfile.lock. Run 'pod install' or update your CocoaPods installation.\" >&2\n    exit 1\nfi\n# This output is used by Xcode 'outputs' to avoid re-running this script phase.\necho \"SUCCESS\" > \"${SCRIPT_OUTPUT_FILE_0}\"\n";
			showEnvVarsInLog = 0;
		};
		D83A6DEF26B27A5D008F1A7B /* Run Script */ = {
			isa = PBXShellScriptBuildPhase;
			buildActionMask = 2147483647;
			files = (
			);
			inputFileListPaths = (
			);
			inputPaths = (
			);
			name = "Run Script";
			outputFileListPaths = (
			);
			outputPaths = (
			);
			runOnlyForDeploymentPostprocessing = 0;
			shellPath = /bin/sh;
			shellScript = "# Type a script or drag a script file from your workspace to insert its path.\nif [ $CONFIGURATION = \"Debug\" ]; then\n\"${PODS_ROOT}/SwiftFormat/CommandLineTool/swiftformat\" . --exclude Pods --swiftversion 5.4.2 --disable unusedArguments --disable andOperator --disable preferKeyPath --disable trailingCommas\nfi\n";
		};
		D8F12E7726B3F51600118C63 /* ShellScript */ = {
			isa = PBXShellScriptBuildPhase;
			buildActionMask = 2147483647;
			files = (
			);
			inputFileListPaths = (
			);
			inputPaths = (
			);
			outputFileListPaths = (
			);
			outputPaths = (
			);
			runOnlyForDeploymentPostprocessing = 0;
			shellPath = /bin/sh;
			shellScript = "# Type a script or drag a script file from your workspace to insert its path.\n\"${PODS_ROOT}/SwiftLint/swiftlint\"\n";
		};
/* End PBXShellScriptBuildPhase section */

/* Begin PBXSourcesBuildPhase section */
		D870EFD626F5F8DB000E6D09 /* Sources */ = {
			isa = PBXSourcesBuildPhase;
			buildActionMask = 2147483647;
			files = (
				D88124E6277C773F00AA3405 /* AppTrackingTransparencyStatusTranslator.swift in Sources */,
				D82EFF7B26F706BD002B0D6F /* QuickSearchViewModelTests.swift in Sources */,
				D8FD39DE276743E200F1C69E /* FavoriteShop.swift in Sources */,
				D88124EF277C7AC600AA3405 /* ApiKey.swift in Sources */,
				D8281356276497C0002F1DF1 /* ShopDataStore.swift in Sources */,
				D82EFF6F26F6E2B1002B0D6F /* PickerSelectTypeTranslatorTests.swift in Sources */,
				D88124EB277C79D900AA3405 /* GenreTypeTranslator.swift in Sources */,
				D82EFF7126F6E2FE002B0D6F /* GenreTypeTranslatorTests.swift in Sources */,
				D88124E5277C767E00AA3405 /* AppTrackingTransparencyStatusTranslatorTests.swift in Sources */,
				D88124E7277C774100AA3405 /* AppTrackingTransparencyStatusType.swift in Sources */,
				D88124ED277C7A0400AA3405 /* PickerSelectTypeTranslator.swift in Sources */,
				D8FD39DD276743BF00F1C69E /* FavoriteDataStoreTests.swift in Sources */,
				D8FD39DF276743ED00F1C69E /* FavoriteDataStore.swift in Sources */,
				D88124EC277C79FD00AA3405 /* PickerSelectType.swift in Sources */,
				D88124EA277C79CC00AA3405 /* GenreType.swift in Sources */,
				D8FD39E02767452800F1C69E /* MockFavoriteShopData.swift in Sources */,
				D82EFF7D26F71825002B0D6F /* FavoriteViewModelTests.swift in Sources */,
				D8281355276497BB002F1DF1 /* ShopDataStoreTests.swift in Sources */,
				D828135827649969002F1DF1 /* HotPepperResponseResponse.swift in Sources */,
			);
			runOnlyForDeploymentPostprocessing = 0;
		};
		D8BA1180269661460007DCE5 /* Sources */ = {
			isa = PBXSourcesBuildPhase;
			buildActionMask = 2147483647;
			files = (
				D889E16126AED67100F18681 /* ShopDetailInfoView.swift in Sources */,
				D8A25A8E2768D47700D9F92F /* LocatePermissionRepositoryInterface.swift in Sources */,
				D8ED9EB4269E798700AFE337 /* QuickSearchListRowView.swift in Sources */,
				D8C58FC126B8D2590020AC57 /* TransitionImage.swift in Sources */,
				D8C5DE4026E359CB00617F6D /* PickerSelectTypeTranslator.swift in Sources */,
				D86F6A32277370A800910B15 /* LocatePermissionAlertType.swift in Sources */,
				D81E428E26D258C500DB5AD6 /* FavoriteShop.swift in Sources */,
				D81D05922774AD2700FED1B4 /* AppTrackingTransparencyRepository.swift in Sources */,
				D8E300A526CE895E0032B666 /* ActivityIndicatorView.swift in Sources */,
				D8087FD626DDD1C1008BFFEE /* MenuIconView.swift in Sources */,
				D8A25A942768D56700D9F92F /* LocatePermissionView.swift in Sources */,
				D872240226D125300017D405 /* FavoriteListView.swift in Sources */,
				D8307BC426BC045B00DAB08C /* PopupWindowView.swift in Sources */,
				D8A25A8A2768D40900D9F92F /* LocatePermissionDataStore.swift in Sources */,
				D833880F26CC9F6A003446B1 /* UIApplication+Keyboard.swift in Sources */,
				D897A27026F49E2000496839 /* ShopSearchRepository.swift in Sources */,
				D87B8C3D26B045EF00BB945C /* HamburgerMenuViewModel.swift in Sources */,
				D828135A2764B049002F1DF1 /* FavoriteDataStore.swift in Sources */,
				D81D059A2777062700FED1B4 /* AppTrackingTransparencyStatusTranslator.swift in Sources */,
				D81D05962774AD5100FED1B4 /* AppTrackingTransparencyViewModel.swift in Sources */,
				D826E54627741A6000D02E2B /* ApiKey.swift in Sources */,
				D80803E726D49E93009FACC8 /* MockFavoriteShopData.swift in Sources */,
				D889E16326AF09EA00F18681 /* LogoImage.swift in Sources */,
				D81E428A26D255FA00DB5AD6 /* FavoriteRepository.swift in Sources */,
				D8A25A972768DC7A00D9F92F /* PermissionButtonView.swift in Sources */,
				D826E54A27741D4800D02E2B /* ImageDownloadHelper.swift in Sources */,
				D81D059C2777068C00FED1B4 /* AppTrackingTransparencyStatusType.swift in Sources */,
				D8DB885226B962DA0057F807 /* UserDefaultsDataStore.swift in Sources */,
				D8242669276C6ED800746EC0 /* LocationStatusType.swift in Sources */,
				D8C5DE4526E35E4300617F6D /* PickerSelectTypeRepository.swift in Sources */,
				D8A8E5B4269DAEB3009F9C0C /* ShopDetailView.swift in Sources */,
				D889303B26B914C2008C0F60 /* QuickSearchViewModel.swift in Sources */,
				D8C5DE4326E35DCE00617F6D /* PickerSelectTypeRepositoryInterface.swift in Sources */,
				D8C5DE2C26E331C500617F6D /* GenreType.swift in Sources */,
				D80803E326D49C1A009FACC8 /* FavoriteShopDetailView.swift in Sources */,
				D8C5DE3626E3368A00617F6D /* GenreTypeRepository.swift in Sources */,
				D83D600E26AAB387002A6CEC /* MapView.swift in Sources */,
				D8D16FF227733FE600C22E20 /* AppDelegate.swift in Sources */,
				D8C5DE3E26E3594200617F6D /* PickerSelectType.swift in Sources */,
				D8C5DE3826E336A600617F6D /* GenreTypeRepositoryInterface.swift in Sources */,
				D8C5DE2F26E332EC00617F6D /* GenreTypeTranslator.swift in Sources */,
				D8ED9EB6269E799000AFE337 /* QuickSearchListView.swift in Sources */,
				D8A25A902768D4AA00D9F92F /* LocatePermissionViewModel.swift in Sources */,
				D81E428526D23F7800DB5AD6 /* FavoriteViewModel.swift in Sources */,
				D80803E526D49C41009FACC8 /* FavoriteListRowView.swift in Sources */,
				D83EF2CB26DCD66D0022868E /* ColorManager.swift in Sources */,
				D8BD193026B8282B00E0BBCB /* QuickSearchRowView.swift in Sources */,
				D826E54827741AC600D02E2B /* FirebaseHelper.swift in Sources */,
				D8A25A8C2768D45E00D9F92F /* LocatePermissionRepository.swift in Sources */,
				D8ADBBFA26C400E10003002F /* NendInterstitialView.swift in Sources */,
				D897A27426F49E4900496839 /* ShopRepositoryInterface.swift in Sources */,
				D8F854C926DE463500BDBF8E /* FontManager.swift in Sources */,
				D81E428826D255A000DB5AD6 /* FavoriteRepositoryInterface.swift in Sources */,
				D81CB62D26A9405F004807E1 /* SearchButtonView.swift in Sources */,
				D83D600926AAA0E8002A6CEC /* ShopDetailButtonView.swift in Sources */,
				D8A8E5C4269DEFBF009F9C0C /* URLImage.swift in Sources */,
				D84E5C7926D5DF7A00BB79CE /* RemoveFavoriteButtonView.swift in Sources */,
				D834146426CCFDBC002D7ED0 /* UserRepository.swift in Sources */,
				D8BD192E26B816C900E0BBCB /* QuickSearchView.swift in Sources */,
				D81E428226D21FD100DB5AD6 /* FavoriteButton.swift in Sources */,
				D8ED9EB2269E795F00AFE337 /* MockShopData.swift in Sources */,
				D81D05942774AD3200FED1B4 /* AppTrackingTransparencyRepositoryInterface.swift in Sources */,
				D828135327648CD9002F1DF1 /* ShopDataStore.swift in Sources */,
				D81D05902774AD1600FED1B4 /* AppTrackingTransparencyDataStore.swift in Sources */,
				D87C9C3B269701A30051FA77 /* MenuView.swift in Sources */,
				D834146626CCFDFC002D7ED0 /* UserRepositoryInterface.swift in Sources */,
				D8C5DE3C26E3489100617F6D /* RepositoryLocator.swift in Sources */,
				D84E5C7B26D5DFFD00BB79CE /* FavoriteShopDetailInfoView.swift in Sources */,
				D8FC157926B19DDA00B22408 /* MailView.swift in Sources */,
				D8D16FF6277345C100C22E20 /* RootViewHelper.swift in Sources */,
				D855048D269D0F1B0053334A /* HotPepperResponseResponse.swift in Sources */,
				D81D059E2777091E00FED1B4 /* AppTrackingTransparencyView.swift in Sources */,
				D88426FA26AA7B680073B3F2 /* SafariView.swift in Sources */,
				D87C9C392696FDB70051FA77 /* TabBarView.swift in Sources */,
				D8AE32CC26DF0E7C00FDD2B8 /* NavigationManager .swift in Sources */,
				D8BA1188269661460007DCE5 /* QuickGourmetApp.swift in Sources */,
			);
			runOnlyForDeploymentPostprocessing = 0;
		};
/* End PBXSourcesBuildPhase section */

/* Begin PBXTargetDependency section */
		D870EFE026F5F8DB000E6D09 /* PBXTargetDependency */ = {
			isa = PBXTargetDependency;
			target = D8BA1183269661460007DCE5 /* QuickGourmet */;
			targetProxy = D870EFDF26F5F8DB000E6D09 /* PBXContainerItemProxy */;
		};
/* End PBXTargetDependency section */

/* Begin XCBuildConfiguration section */
		D870EFE126F5F8DB000E6D09 /* Debug */ = {
			isa = XCBuildConfiguration;
			baseConfigurationReference = 3F523DAC8B1646255C9C195E /* Pods-QuickGourmet-QuickGourmetTests.debug.xcconfig */;
			buildSettings = {
				BUNDLE_LOADER = "$(TEST_HOST)";
				CLANG_ENABLE_MODULES = YES;
				CODE_SIGN_STYLE = Automatic;
				DEVELOPMENT_TEAM = ZXZ96723Y7;
				INFOPLIST_FILE = QuickGourmetTests/Info.plist;
				LD_RUNPATH_SEARCH_PATHS = (
					"$(inherited)",
					"@executable_path/Frameworks",
					"@loader_path/Frameworks",
				);
				PRODUCT_BUNDLE_IDENTIFIER = com.ken.QuickGourmetTests;
				PRODUCT_NAME = "$(TARGET_NAME)";
				SWIFT_OBJC_BRIDGING_HEADER = "QuickGourmetTests/QuickGourmetTests-Bridging-Header.h";
				SWIFT_OPTIMIZATION_LEVEL = "-Onone";
				SWIFT_VERSION = 5.0;
				TARGETED_DEVICE_FAMILY = "1,2";
				TEST_HOST = "$(BUILT_PRODUCTS_DIR)/QuickGourmet.app/QuickGourmet";
			};
			name = Debug;
		};
		D870EFE226F5F8DB000E6D09 /* Release */ = {
			isa = XCBuildConfiguration;
			baseConfigurationReference = B792B12BBC8CB53B63AB91B3 /* Pods-QuickGourmet-QuickGourmetTests.release.xcconfig */;
			buildSettings = {
				BUNDLE_LOADER = "$(TEST_HOST)";
				CLANG_ENABLE_MODULES = YES;
				CODE_SIGN_STYLE = Automatic;
				DEVELOPMENT_TEAM = ZXZ96723Y7;
				INFOPLIST_FILE = QuickGourmetTests/Info.plist;
				LD_RUNPATH_SEARCH_PATHS = (
					"$(inherited)",
					"@executable_path/Frameworks",
					"@loader_path/Frameworks",
				);
				PRODUCT_BUNDLE_IDENTIFIER = com.ken.QuickGourmetTests;
				PRODUCT_NAME = "$(TARGET_NAME)";
				SWIFT_OBJC_BRIDGING_HEADER = "QuickGourmetTests/QuickGourmetTests-Bridging-Header.h";
				SWIFT_VERSION = 5.0;
				TARGETED_DEVICE_FAMILY = "1,2";
				TEST_HOST = "$(BUILT_PRODUCTS_DIR)/QuickGourmet.app/QuickGourmet";
			};
			name = Release;
		};
		D8BA1191269661490007DCE5 /* Debug */ = {
			isa = XCBuildConfiguration;
			buildSettings = {
				ALWAYS_SEARCH_USER_PATHS = NO;
				CLANG_ANALYZER_NONNULL = YES;
				CLANG_ANALYZER_NUMBER_OBJECT_CONVERSION = YES_AGGRESSIVE;
				CLANG_CXX_LANGUAGE_STANDARD = "gnu++14";
				CLANG_CXX_LIBRARY = "libc++";
				CLANG_ENABLE_MODULES = YES;
				CLANG_ENABLE_OBJC_ARC = YES;
				CLANG_ENABLE_OBJC_WEAK = YES;
				CLANG_WARN_BLOCK_CAPTURE_AUTORELEASING = YES;
				CLANG_WARN_BOOL_CONVERSION = YES;
				CLANG_WARN_COMMA = YES;
				CLANG_WARN_CONSTANT_CONVERSION = YES;
				CLANG_WARN_DEPRECATED_OBJC_IMPLEMENTATIONS = YES;
				CLANG_WARN_DIRECT_OBJC_ISA_USAGE = YES_ERROR;
				CLANG_WARN_DOCUMENTATION_COMMENTS = YES;
				CLANG_WARN_EMPTY_BODY = YES;
				CLANG_WARN_ENUM_CONVERSION = YES;
				CLANG_WARN_INFINITE_RECURSION = YES;
				CLANG_WARN_INT_CONVERSION = YES;
				CLANG_WARN_NON_LITERAL_NULL_CONVERSION = YES;
				CLANG_WARN_OBJC_IMPLICIT_RETAIN_SELF = YES;
				CLANG_WARN_OBJC_LITERAL_CONVERSION = YES;
				CLANG_WARN_OBJC_ROOT_CLASS = YES_ERROR;
				CLANG_WARN_QUOTED_INCLUDE_IN_FRAMEWORK_HEADER = YES;
				CLANG_WARN_RANGE_LOOP_ANALYSIS = YES;
				CLANG_WARN_STRICT_PROTOTYPES = YES;
				CLANG_WARN_SUSPICIOUS_MOVE = YES;
				CLANG_WARN_UNGUARDED_AVAILABILITY = YES_AGGRESSIVE;
				CLANG_WARN_UNREACHABLE_CODE = YES;
				CLANG_WARN__DUPLICATE_METHOD_MATCH = YES;
				COPY_PHASE_STRIP = NO;
				DEBUG_INFORMATION_FORMAT = dwarf;
				ENABLE_STRICT_OBJC_MSGSEND = YES;
				ENABLE_TESTABILITY = YES;
				GCC_C_LANGUAGE_STANDARD = gnu11;
				GCC_DYNAMIC_NO_PIC = NO;
				GCC_NO_COMMON_BLOCKS = YES;
				GCC_OPTIMIZATION_LEVEL = 0;
				GCC_PREPROCESSOR_DEFINITIONS = (
					"DEBUG=1",
					"$(inherited)",
				);
				GCC_WARN_64_TO_32_BIT_CONVERSION = YES;
				GCC_WARN_ABOUT_RETURN_TYPE = YES_ERROR;
				GCC_WARN_UNDECLARED_SELECTOR = YES;
				GCC_WARN_UNINITIALIZED_AUTOS = YES_AGGRESSIVE;
				GCC_WARN_UNUSED_FUNCTION = YES;
				GCC_WARN_UNUSED_VARIABLE = YES;
				IPHONEOS_DEPLOYMENT_TARGET = 15.0;
				MTL_ENABLE_DEBUG_INFO = INCLUDE_SOURCE;
				MTL_FAST_MATH = YES;
				ONLY_ACTIVE_ARCH = YES;
				SDKROOT = iphoneos;
				SWIFT_ACTIVE_COMPILATION_CONDITIONS = DEBUG;
				SWIFT_OPTIMIZATION_LEVEL = "-Onone";
			};
			name = Debug;
		};
		D8BA1192269661490007DCE5 /* Release */ = {
			isa = XCBuildConfiguration;
			buildSettings = {
				ALWAYS_SEARCH_USER_PATHS = NO;
				CLANG_ANALYZER_NONNULL = YES;
				CLANG_ANALYZER_NUMBER_OBJECT_CONVERSION = YES_AGGRESSIVE;
				CLANG_CXX_LANGUAGE_STANDARD = "gnu++14";
				CLANG_CXX_LIBRARY = "libc++";
				CLANG_ENABLE_MODULES = YES;
				CLANG_ENABLE_OBJC_ARC = YES;
				CLANG_ENABLE_OBJC_WEAK = YES;
				CLANG_WARN_BLOCK_CAPTURE_AUTORELEASING = YES;
				CLANG_WARN_BOOL_CONVERSION = YES;
				CLANG_WARN_COMMA = YES;
				CLANG_WARN_CONSTANT_CONVERSION = YES;
				CLANG_WARN_DEPRECATED_OBJC_IMPLEMENTATIONS = YES;
				CLANG_WARN_DIRECT_OBJC_ISA_USAGE = YES_ERROR;
				CLANG_WARN_DOCUMENTATION_COMMENTS = YES;
				CLANG_WARN_EMPTY_BODY = YES;
				CLANG_WARN_ENUM_CONVERSION = YES;
				CLANG_WARN_INFINITE_RECURSION = YES;
				CLANG_WARN_INT_CONVERSION = YES;
				CLANG_WARN_NON_LITERAL_NULL_CONVERSION = YES;
				CLANG_WARN_OBJC_IMPLICIT_RETAIN_SELF = YES;
				CLANG_WARN_OBJC_LITERAL_CONVERSION = YES;
				CLANG_WARN_OBJC_ROOT_CLASS = YES_ERROR;
				CLANG_WARN_QUOTED_INCLUDE_IN_FRAMEWORK_HEADER = YES;
				CLANG_WARN_RANGE_LOOP_ANALYSIS = YES;
				CLANG_WARN_STRICT_PROTOTYPES = YES;
				CLANG_WARN_SUSPICIOUS_MOVE = YES;
				CLANG_WARN_UNGUARDED_AVAILABILITY = YES_AGGRESSIVE;
				CLANG_WARN_UNREACHABLE_CODE = YES;
				CLANG_WARN__DUPLICATE_METHOD_MATCH = YES;
				COPY_PHASE_STRIP = NO;
				DEBUG_INFORMATION_FORMAT = "dwarf-with-dsym";
				ENABLE_NS_ASSERTIONS = NO;
				ENABLE_STRICT_OBJC_MSGSEND = YES;
				GCC_C_LANGUAGE_STANDARD = gnu11;
				GCC_NO_COMMON_BLOCKS = YES;
				GCC_WARN_64_TO_32_BIT_CONVERSION = YES;
				GCC_WARN_ABOUT_RETURN_TYPE = YES_ERROR;
				GCC_WARN_UNDECLARED_SELECTOR = YES;
				GCC_WARN_UNINITIALIZED_AUTOS = YES_AGGRESSIVE;
				GCC_WARN_UNUSED_FUNCTION = YES;
				GCC_WARN_UNUSED_VARIABLE = YES;
				IPHONEOS_DEPLOYMENT_TARGET = 15.0;
				MTL_ENABLE_DEBUG_INFO = NO;
				MTL_FAST_MATH = YES;
				SDKROOT = iphoneos;
				SWIFT_COMPILATION_MODE = wholemodule;
				SWIFT_OPTIMIZATION_LEVEL = "-O";
				VALIDATE_PRODUCT = YES;
			};
			name = Release;
		};
		D8BA1194269661490007DCE5 /* Debug */ = {
			isa = XCBuildConfiguration;
			baseConfigurationReference = 2D426BF4E1A63986FA4520FC /* Pods-QuickGourmet.debug.xcconfig */;
			buildSettings = {
				ASSETCATALOG_COMPILER_APPICON_NAME = AppIcon;
				ASSETCATALOG_COMPILER_GLOBAL_ACCENT_COLOR_NAME = AccentColor;
				CODE_SIGN_STYLE = Automatic;
				CURRENT_PROJECT_VERSION = 1;
				DEVELOPMENT_ASSET_PATHS = "\"QuickGourmet/Preview Content\"";
				DEVELOPMENT_TEAM = ZXZ96723Y7;
				ENABLE_PREVIEWS = YES;
				INFOPLIST_FILE = QuickGourmet/Info.plist;
				IPHONEOS_DEPLOYMENT_TARGET = 15.0;
				LD_RUNPATH_SEARCH_PATHS = (
					"$(inherited)",
					"@executable_path/Frameworks",
				);
				MARKETING_VERSION = 1.0.3;
				PRODUCT_BUNDLE_IDENTIFIER = "com.ken-sasaki.QuickGourmet";
				PRODUCT_NAME = "$(TARGET_NAME)";
				SWIFT_VERSION = 5.0;
				TARGETED_DEVICE_FAMILY = 1;
			};
			name = Debug;
		};
		D8BA1195269661490007DCE5 /* Release */ = {
			isa = XCBuildConfiguration;
			baseConfigurationReference = 6DF1E1FFD30D2807F5F3C09B /* Pods-QuickGourmet.release.xcconfig */;
			buildSettings = {
				ASSETCATALOG_COMPILER_APPICON_NAME = AppIcon;
				ASSETCATALOG_COMPILER_GLOBAL_ACCENT_COLOR_NAME = AccentColor;
				CODE_SIGN_STYLE = Automatic;
				CURRENT_PROJECT_VERSION = 1;
				DEVELOPMENT_ASSET_PATHS = "\"QuickGourmet/Preview Content\"";
				DEVELOPMENT_TEAM = ZXZ96723Y7;
				ENABLE_PREVIEWS = YES;
				INFOPLIST_FILE = QuickGourmet/Info.plist;
				IPHONEOS_DEPLOYMENT_TARGET = 15.0;
				LD_RUNPATH_SEARCH_PATHS = (
					"$(inherited)",
					"@executable_path/Frameworks",
				);
				MARKETING_VERSION = 1.0.3;
				PRODUCT_BUNDLE_IDENTIFIER = "com.ken-sasaki.QuickGourmet";
				PRODUCT_NAME = "$(TARGET_NAME)";
				SWIFT_VERSION = 5.0;
				TARGETED_DEVICE_FAMILY = 1;
			};
			name = Release;
		};
/* End XCBuildConfiguration section */

/* Begin XCConfigurationList section */
		D870EFE326F5F8DB000E6D09 /* Build configuration list for PBXNativeTarget "QuickGourmetTests" */ = {
			isa = XCConfigurationList;
			buildConfigurations = (
				D870EFE126F5F8DB000E6D09 /* Debug */,
				D870EFE226F5F8DB000E6D09 /* Release */,
			);
			defaultConfigurationIsVisible = 0;
			defaultConfigurationName = Release;
		};
		D8BA117F269661460007DCE5 /* Build configuration list for PBXProject "QuickGourmet" */ = {
			isa = XCConfigurationList;
			buildConfigurations = (
				D8BA1191269661490007DCE5 /* Debug */,
				D8BA1192269661490007DCE5 /* Release */,
			);
			defaultConfigurationIsVisible = 0;
			defaultConfigurationName = Release;
		};
		D8BA1193269661490007DCE5 /* Build configuration list for PBXNativeTarget "QuickGourmet" */ = {
			isa = XCConfigurationList;
			buildConfigurations = (
				D8BA1194269661490007DCE5 /* Debug */,
				D8BA1195269661490007DCE5 /* Release */,
			);
			defaultConfigurationIsVisible = 0;
			defaultConfigurationName = Release;
		};
/* End XCConfigurationList section */
	};
	rootObject = D8BA117C269661460007DCE5 /* Project object */;
}
